// !$*UTF8*$!
{
	archiveVersion = 1;
	classes = {
	};
	objectVersion = 50;
	objects = {

/* Begin PBXBuildFile section */
		1B188A3222BA131700561366 /* QPRuntimeKit.framework in Frameworks */ = {isa = PBXBuildFile; fileRef = 1B188A2822BA131700561366 /* QPRuntimeKit.framework */; };
		1B188A3722BA131700561366 /* Tests.m in Sources */ = {isa = PBXBuildFile; fileRef = 1B188A3622BA131700561366 /* Tests.m */; };
		1B188A3922BA131700561366 /* QPRuntimeKit.h in Headers */ = {isa = PBXBuildFile; fileRef = 1B188A2B22BA131700561366 /* QPRuntimeKit.h */; settings = {ATTRIBUTES = (Public, ); }; };
		1B73734324DB33D200DBB7F2 /* RKIvarLayout.m in Sources */ = {isa = PBXBuildFile; fileRef = 1B73732024DB33D100DBB7F2 /* RKIvarLayout.m */; };
		1B73734424DB33D200DBB7F2 /* RKIvarLayout.m in Sources */ = {isa = PBXBuildFile; fileRef = 1B73732024DB33D100DBB7F2 /* RKIvarLayout.m */; };
		1B73734524DB33D200DBB7F2 /* RKIvarLayout.m in Sources */ = {isa = PBXBuildFile; fileRef = 1B73732024DB33D100DBB7F2 /* RKIvarLayout.m */; };
		1B73734624DB33D200DBB7F2 /* RKIvarLayout.m in Sources */ = {isa = PBXBuildFile; fileRef = 1B73732024DB33D100DBB7F2 /* RKIvarLayout.m */; };
		1B73734724DB33D200DBB7F2 /* RKIvarLayout.m in Sources */ = {isa = PBXBuildFile; fileRef = 1B73732024DB33D100DBB7F2 /* RKIvarLayout.m */; };
		1B73734824DB33D200DBB7F2 /* RKIvarLayout.m in Sources */ = {isa = PBXBuildFile; fileRef = 1B73732024DB33D100DBB7F2 /* RKIvarLayout.m */; };
		1B73734924DB33D200DBB7F2 /* RKIvarLayout.m in Sources */ = {isa = PBXBuildFile; fileRef = 1B73732024DB33D100DBB7F2 /* RKIvarLayout.m */; };
		1B73734A24DB33D200DBB7F2 /* RKObject.m in Sources */ = {isa = PBXBuildFile; fileRef = 1B73732124DB33D100DBB7F2 /* RKObject.m */; };
		1B73734B24DB33D200DBB7F2 /* RKObject.m in Sources */ = {isa = PBXBuildFile; fileRef = 1B73732124DB33D100DBB7F2 /* RKObject.m */; };
		1B73734C24DB33D200DBB7F2 /* RKObject.m in Sources */ = {isa = PBXBuildFile; fileRef = 1B73732124DB33D100DBB7F2 /* RKObject.m */; };
		1B73734D24DB33D200DBB7F2 /* RKObject.m in Sources */ = {isa = PBXBuildFile; fileRef = 1B73732124DB33D100DBB7F2 /* RKObject.m */; };
		1B73734E24DB33D200DBB7F2 /* RKObject.m in Sources */ = {isa = PBXBuildFile; fileRef = 1B73732124DB33D100DBB7F2 /* RKObject.m */; };
		1B73734F24DB33D200DBB7F2 /* RKObject.m in Sources */ = {isa = PBXBuildFile; fileRef = 1B73732124DB33D100DBB7F2 /* RKObject.m */; };
		1B73735024DB33D200DBB7F2 /* RKObject.m in Sources */ = {isa = PBXBuildFile; fileRef = 1B73732124DB33D100DBB7F2 /* RKObject.m */; };
		1B73735124DB33D200DBB7F2 /* RKEncode.def in Headers */ = {isa = PBXBuildFile; fileRef = 1B73732224DB33D100DBB7F2 /* RKEncode.def */; settings = {ATTRIBUTES = (Public, ); }; };
		1B73735324DB33D200DBB7F2 /* RKEncode.def in Headers */ = {isa = PBXBuildFile; fileRef = 1B73732224DB33D100DBB7F2 /* RKEncode.def */; settings = {ATTRIBUTES = (Public, ); }; };
		1B73735524DB33D200DBB7F2 /* RKEncode.def in Headers */ = {isa = PBXBuildFile; fileRef = 1B73732224DB33D100DBB7F2 /* RKEncode.def */; settings = {ATTRIBUTES = (Public, ); }; };
		1B73735724DB33D200DBB7F2 /* RKEncode.def in Headers */ = {isa = PBXBuildFile; fileRef = 1B73732224DB33D100DBB7F2 /* RKEncode.def */; settings = {ATTRIBUTES = (Public, ); }; };
		1B73735824DB33D200DBB7F2 /* RKTypeEncoding.h in Headers */ = {isa = PBXBuildFile; fileRef = 1B73732324DB33D100DBB7F2 /* RKTypeEncoding.h */; settings = {ATTRIBUTES = (Public, ); }; };
		1B73735924DB33D200DBB7F2 /* RKTypeEncoding.h in Headers */ = {isa = PBXBuildFile; fileRef = 1B73732324DB33D100DBB7F2 /* RKTypeEncoding.h */; settings = {ATTRIBUTES = (Public, ); }; };
		1B73735A24DB33D200DBB7F2 /* RKTypeEncoding.h in Headers */ = {isa = PBXBuildFile; fileRef = 1B73732324DB33D100DBB7F2 /* RKTypeEncoding.h */; settings = {ATTRIBUTES = (Public, ); }; };
		1B73735B24DB33D200DBB7F2 /* RKTypeEncoding.h in Headers */ = {isa = PBXBuildFile; fileRef = 1B73732324DB33D100DBB7F2 /* RKTypeEncoding.h */; settings = {ATTRIBUTES = (Public, ); }; };
		1B73735C24DB33D200DBB7F2 /* RKMethodTypeEncoding.h in Headers */ = {isa = PBXBuildFile; fileRef = 1B73732424DB33D100DBB7F2 /* RKMethodTypeEncoding.h */; settings = {ATTRIBUTES = (Public, ); }; };
		1B73735D24DB33D200DBB7F2 /* RKMethodTypeEncoding.h in Headers */ = {isa = PBXBuildFile; fileRef = 1B73732424DB33D100DBB7F2 /* RKMethodTypeEncoding.h */; settings = {ATTRIBUTES = (Public, ); }; };
		1B73735E24DB33D200DBB7F2 /* RKMethodTypeEncoding.h in Headers */ = {isa = PBXBuildFile; fileRef = 1B73732424DB33D100DBB7F2 /* RKMethodTypeEncoding.h */; settings = {ATTRIBUTES = (Public, ); }; };
		1B73735F24DB33D200DBB7F2 /* RKMethodTypeEncoding.h in Headers */ = {isa = PBXBuildFile; fileRef = 1B73732424DB33D100DBB7F2 /* RKMethodTypeEncoding.h */; settings = {ATTRIBUTES = (Public, ); }; };
		1B73736024DB33D200DBB7F2 /* RKSelector.h in Headers */ = {isa = PBXBuildFile; fileRef = 1B73732524DB33D100DBB7F2 /* RKSelector.h */; settings = {ATTRIBUTES = (Public, ); }; };
		1B73736124DB33D200DBB7F2 /* RKSelector.h in Headers */ = {isa = PBXBuildFile; fileRef = 1B73732524DB33D100DBB7F2 /* RKSelector.h */; settings = {ATTRIBUTES = (Public, ); }; };
		1B73736224DB33D200DBB7F2 /* RKSelector.h in Headers */ = {isa = PBXBuildFile; fileRef = 1B73732524DB33D100DBB7F2 /* RKSelector.h */; settings = {ATTRIBUTES = (Public, ); }; };
		1B73736324DB33D200DBB7F2 /* RKSelector.h in Headers */ = {isa = PBXBuildFile; fileRef = 1B73732524DB33D100DBB7F2 /* RKSelector.h */; settings = {ATTRIBUTES = (Public, ); }; };
		1B73736424DB33D200DBB7F2 /* RKMethod.h in Headers */ = {isa = PBXBuildFile; fileRef = 1B73732624DB33D100DBB7F2 /* RKMethod.h */; settings = {ATTRIBUTES = (Public, ); }; };
		1B73736524DB33D200DBB7F2 /* RKMethod.h in Headers */ = {isa = PBXBuildFile; fileRef = 1B73732624DB33D100DBB7F2 /* RKMethod.h */; settings = {ATTRIBUTES = (Public, ); }; };
		1B73736624DB33D200DBB7F2 /* RKMethod.h in Headers */ = {isa = PBXBuildFile; fileRef = 1B73732624DB33D100DBB7F2 /* RKMethod.h */; settings = {ATTRIBUTES = (Public, ); }; };
		1B73736724DB33D200DBB7F2 /* RKMethod.h in Headers */ = {isa = PBXBuildFile; fileRef = 1B73732624DB33D100DBB7F2 /* RKMethod.h */; settings = {ATTRIBUTES = (Public, ); }; };
		1B73736824DB33D200DBB7F2 /* RKProperty.h in Headers */ = {isa = PBXBuildFile; fileRef = 1B73732724DB33D100DBB7F2 /* RKProperty.h */; settings = {ATTRIBUTES = (Public, ); }; };
		1B73736924DB33D200DBB7F2 /* RKProperty.h in Headers */ = {isa = PBXBuildFile; fileRef = 1B73732724DB33D100DBB7F2 /* RKProperty.h */; settings = {ATTRIBUTES = (Public, ); }; };
		1B73736A24DB33D200DBB7F2 /* RKProperty.h in Headers */ = {isa = PBXBuildFile; fileRef = 1B73732724DB33D100DBB7F2 /* RKProperty.h */; settings = {ATTRIBUTES = (Public, ); }; };
		1B73736B24DB33D200DBB7F2 /* RKProperty.h in Headers */ = {isa = PBXBuildFile; fileRef = 1B73732724DB33D100DBB7F2 /* RKProperty.h */; settings = {ATTRIBUTES = (Public, ); }; };
		1B73736C24DB33D200DBB7F2 /* RKMethodTypeEncoding.m in Sources */ = {isa = PBXBuildFile; fileRef = 1B73732824DB33D100DBB7F2 /* RKMethodTypeEncoding.m */; };
		1B73736D24DB33D200DBB7F2 /* RKMethodTypeEncoding.m in Sources */ = {isa = PBXBuildFile; fileRef = 1B73732824DB33D100DBB7F2 /* RKMethodTypeEncoding.m */; };
		1B73736E24DB33D200DBB7F2 /* RKMethodTypeEncoding.m in Sources */ = {isa = PBXBuildFile; fileRef = 1B73732824DB33D100DBB7F2 /* RKMethodTypeEncoding.m */; };
		1B73736F24DB33D200DBB7F2 /* RKMethodTypeEncoding.m in Sources */ = {isa = PBXBuildFile; fileRef = 1B73732824DB33D100DBB7F2 /* RKMethodTypeEncoding.m */; };
		1B73737024DB33D200DBB7F2 /* RKMethodTypeEncoding.m in Sources */ = {isa = PBXBuildFile; fileRef = 1B73732824DB33D100DBB7F2 /* RKMethodTypeEncoding.m */; };
		1B73737124DB33D200DBB7F2 /* RKMethodTypeEncoding.m in Sources */ = {isa = PBXBuildFile; fileRef = 1B73732824DB33D100DBB7F2 /* RKMethodTypeEncoding.m */; };
		1B73737224DB33D200DBB7F2 /* RKMethodTypeEncoding.m in Sources */ = {isa = PBXBuildFile; fileRef = 1B73732824DB33D100DBB7F2 /* RKMethodTypeEncoding.m */; };
		1B73737324DB33D200DBB7F2 /* RKImplementation.h in Headers */ = {isa = PBXBuildFile; fileRef = 1B73732924DB33D100DBB7F2 /* RKImplementation.h */; settings = {ATTRIBUTES = (Public, ); }; };
		1B73737424DB33D200DBB7F2 /* RKImplementation.h in Headers */ = {isa = PBXBuildFile; fileRef = 1B73732924DB33D100DBB7F2 /* RKImplementation.h */; settings = {ATTRIBUTES = (Public, ); }; };
		1B73737524DB33D200DBB7F2 /* RKImplementation.h in Headers */ = {isa = PBXBuildFile; fileRef = 1B73732924DB33D100DBB7F2 /* RKImplementation.h */; settings = {ATTRIBUTES = (Public, ); }; };
		1B73737624DB33D200DBB7F2 /* RKImplementation.h in Headers */ = {isa = PBXBuildFile; fileRef = 1B73732924DB33D100DBB7F2 /* RKImplementation.h */; settings = {ATTRIBUTES = (Public, ); }; };
		1B73737724DB33D200DBB7F2 /* RKMethodDescription.m in Sources */ = {isa = PBXBuildFile; fileRef = 1B73732A24DB33D100DBB7F2 /* RKMethodDescription.m */; };
		1B73737824DB33D200DBB7F2 /* RKMethodDescription.m in Sources */ = {isa = PBXBuildFile; fileRef = 1B73732A24DB33D100DBB7F2 /* RKMethodDescription.m */; };
		1B73737924DB33D200DBB7F2 /* RKMethodDescription.m in Sources */ = {isa = PBXBuildFile; fileRef = 1B73732A24DB33D100DBB7F2 /* RKMethodDescription.m */; };
		1B73737A24DB33D200DBB7F2 /* RKMethodDescription.m in Sources */ = {isa = PBXBuildFile; fileRef = 1B73732A24DB33D100DBB7F2 /* RKMethodDescription.m */; };
		1B73737B24DB33D200DBB7F2 /* RKMethodDescription.m in Sources */ = {isa = PBXBuildFile; fileRef = 1B73732A24DB33D100DBB7F2 /* RKMethodDescription.m */; };
		1B73737C24DB33D200DBB7F2 /* RKMethodDescription.m in Sources */ = {isa = PBXBuildFile; fileRef = 1B73732A24DB33D100DBB7F2 /* RKMethodDescription.m */; };
		1B73737D24DB33D200DBB7F2 /* RKMethodDescription.m in Sources */ = {isa = PBXBuildFile; fileRef = 1B73732A24DB33D100DBB7F2 /* RKMethodDescription.m */; };
		1B73737E24DB33D200DBB7F2 /* RKClass.h in Headers */ = {isa = PBXBuildFile; fileRef = 1B73732B24DB33D100DBB7F2 /* RKClass.h */; settings = {ATTRIBUTES = (Public, ); }; };
		1B73737F24DB33D200DBB7F2 /* RKClass.h in Headers */ = {isa = PBXBuildFile; fileRef = 1B73732B24DB33D100DBB7F2 /* RKClass.h */; settings = {ATTRIBUTES = (Public, ); }; };
		1B73738024DB33D200DBB7F2 /* RKClass.h in Headers */ = {isa = PBXBuildFile; fileRef = 1B73732B24DB33D100DBB7F2 /* RKClass.h */; settings = {ATTRIBUTES = (Public, ); }; };
		1B73738124DB33D200DBB7F2 /* RKClass.h in Headers */ = {isa = PBXBuildFile; fileRef = 1B73732B24DB33D100DBB7F2 /* RKClass.h */; settings = {ATTRIBUTES = (Public, ); }; };
		1B73738224DB33D200DBB7F2 /* RKImage.h in Headers */ = {isa = PBXBuildFile; fileRef = 1B73732C24DB33D100DBB7F2 /* RKImage.h */; settings = {ATTRIBUTES = (Public, ); }; };
		1B73738324DB33D200DBB7F2 /* RKImage.h in Headers */ = {isa = PBXBuildFile; fileRef = 1B73732C24DB33D100DBB7F2 /* RKImage.h */; settings = {ATTRIBUTES = (Public, ); }; };
		1B73738424DB33D200DBB7F2 /* RKImage.h in Headers */ = {isa = PBXBuildFile; fileRef = 1B73732C24DB33D100DBB7F2 /* RKImage.h */; settings = {ATTRIBUTES = (Public, ); }; };
		1B73738524DB33D200DBB7F2 /* RKImage.h in Headers */ = {isa = PBXBuildFile; fileRef = 1B73732C24DB33D100DBB7F2 /* RKImage.h */; settings = {ATTRIBUTES = (Public, ); }; };
		1B73738624DB33D200DBB7F2 /* RKEncode.h in Headers */ = {isa = PBXBuildFile; fileRef = 1B73732D24DB33D100DBB7F2 /* RKEncode.h */; settings = {ATTRIBUTES = (Public, ); }; };
		1B73738724DB33D200DBB7F2 /* RKEncode.h in Headers */ = {isa = PBXBuildFile; fileRef = 1B73732D24DB33D100DBB7F2 /* RKEncode.h */; settings = {ATTRIBUTES = (Public, ); }; };
		1B73738824DB33D200DBB7F2 /* RKEncode.h in Headers */ = {isa = PBXBuildFile; fileRef = 1B73732D24DB33D100DBB7F2 /* RKEncode.h */; settings = {ATTRIBUTES = (Public, ); }; };
		1B73738924DB33D200DBB7F2 /* RKEncode.h in Headers */ = {isa = PBXBuildFile; fileRef = 1B73732D24DB33D100DBB7F2 /* RKEncode.h */; settings = {ATTRIBUTES = (Public, ); }; };
		1B73738A24DB33D200DBB7F2 /* RKIvar.h in Headers */ = {isa = PBXBuildFile; fileRef = 1B73732E24DB33D100DBB7F2 /* RKIvar.h */; settings = {ATTRIBUTES = (Public, ); }; };
		1B73738B24DB33D200DBB7F2 /* RKIvar.h in Headers */ = {isa = PBXBuildFile; fileRef = 1B73732E24DB33D100DBB7F2 /* RKIvar.h */; settings = {ATTRIBUTES = (Public, ); }; };
		1B73738C24DB33D200DBB7F2 /* RKIvar.h in Headers */ = {isa = PBXBuildFile; fileRef = 1B73732E24DB33D100DBB7F2 /* RKIvar.h */; settings = {ATTRIBUTES = (Public, ); }; };
		1B73738D24DB33D200DBB7F2 /* RKIvar.h in Headers */ = {isa = PBXBuildFile; fileRef = 1B73732E24DB33D100DBB7F2 /* RKIvar.h */; settings = {ATTRIBUTES = (Public, ); }; };
		1B73738E24DB33D200DBB7F2 /* RKType.m in Sources */ = {isa = PBXBuildFile; fileRef = 1B73732F24DB33D100DBB7F2 /* RKType.m */; };
		1B73738F24DB33D200DBB7F2 /* RKType.m in Sources */ = {isa = PBXBuildFile; fileRef = 1B73732F24DB33D100DBB7F2 /* RKType.m */; };
		1B73739024DB33D200DBB7F2 /* RKType.m in Sources */ = {isa = PBXBuildFile; fileRef = 1B73732F24DB33D100DBB7F2 /* RKType.m */; };
		1B73739124DB33D200DBB7F2 /* RKType.m in Sources */ = {isa = PBXBuildFile; fileRef = 1B73732F24DB33D100DBB7F2 /* RKType.m */; };
		1B73739224DB33D200DBB7F2 /* RKType.m in Sources */ = {isa = PBXBuildFile; fileRef = 1B73732F24DB33D100DBB7F2 /* RKType.m */; };
		1B73739324DB33D200DBB7F2 /* RKType.m in Sources */ = {isa = PBXBuildFile; fileRef = 1B73732F24DB33D100DBB7F2 /* RKType.m */; };
		1B73739424DB33D200DBB7F2 /* RKType.m in Sources */ = {isa = PBXBuildFile; fileRef = 1B73732F24DB33D100DBB7F2 /* RKType.m */; };
		1B73739524DB33D200DBB7F2 /* RKType.h in Headers */ = {isa = PBXBuildFile; fileRef = 1B73733024DB33D100DBB7F2 /* RKType.h */; settings = {ATTRIBUTES = (Public, ); }; };
		1B73739624DB33D200DBB7F2 /* RKType.h in Headers */ = {isa = PBXBuildFile; fileRef = 1B73733024DB33D100DBB7F2 /* RKType.h */; settings = {ATTRIBUTES = (Public, ); }; };
		1B73739724DB33D200DBB7F2 /* RKType.h in Headers */ = {isa = PBXBuildFile; fileRef = 1B73733024DB33D100DBB7F2 /* RKType.h */; settings = {ATTRIBUTES = (Public, ); }; };
		1B73739824DB33D200DBB7F2 /* RKType.h in Headers */ = {isa = PBXBuildFile; fileRef = 1B73733024DB33D100DBB7F2 /* RKType.h */; settings = {ATTRIBUTES = (Public, ); }; };
		1B73739924DB33D200DBB7F2 /* RKImplementation.m in Sources */ = {isa = PBXBuildFile; fileRef = 1B73733124DB33D100DBB7F2 /* RKImplementation.m */; };
		1B73739A24DB33D200DBB7F2 /* RKImplementation.m in Sources */ = {isa = PBXBuildFile; fileRef = 1B73733124DB33D100DBB7F2 /* RKImplementation.m */; };
		1B73739B24DB33D200DBB7F2 /* RKImplementation.m in Sources */ = {isa = PBXBuildFile; fileRef = 1B73733124DB33D100DBB7F2 /* RKImplementation.m */; };
		1B73739C24DB33D200DBB7F2 /* RKImplementation.m in Sources */ = {isa = PBXBuildFile; fileRef = 1B73733124DB33D100DBB7F2 /* RKImplementation.m */; };
		1B73739D24DB33D200DBB7F2 /* RKImplementation.m in Sources */ = {isa = PBXBuildFile; fileRef = 1B73733124DB33D100DBB7F2 /* RKImplementation.m */; };
		1B73739E24DB33D200DBB7F2 /* RKImplementation.m in Sources */ = {isa = PBXBuildFile; fileRef = 1B73733124DB33D100DBB7F2 /* RKImplementation.m */; };
		1B73739F24DB33D200DBB7F2 /* RKImplementation.m in Sources */ = {isa = PBXBuildFile; fileRef = 1B73733124DB33D100DBB7F2 /* RKImplementation.m */; };
		1B7373A024DB33D200DBB7F2 /* RKPropertyAttribute.h in Headers */ = {isa = PBXBuildFile; fileRef = 1B73733224DB33D100DBB7F2 /* RKPropertyAttribute.h */; settings = {ATTRIBUTES = (Public, ); }; };
		1B7373A124DB33D200DBB7F2 /* RKPropertyAttribute.h in Headers */ = {isa = PBXBuildFile; fileRef = 1B73733224DB33D100DBB7F2 /* RKPropertyAttribute.h */; settings = {ATTRIBUTES = (Public, ); }; };
		1B7373A224DB33D200DBB7F2 /* RKPropertyAttribute.h in Headers */ = {isa = PBXBuildFile; fileRef = 1B73733224DB33D100DBB7F2 /* RKPropertyAttribute.h */; settings = {ATTRIBUTES = (Public, ); }; };
		1B7373A324DB33D200DBB7F2 /* RKPropertyAttribute.h in Headers */ = {isa = PBXBuildFile; fileRef = 1B73733224DB33D100DBB7F2 /* RKPropertyAttribute.h */; settings = {ATTRIBUTES = (Public, ); }; };
		1B7373A424DB33D200DBB7F2 /* RKProtocol.h in Headers */ = {isa = PBXBuildFile; fileRef = 1B73733324DB33D100DBB7F2 /* RKProtocol.h */; settings = {ATTRIBUTES = (Public, ); }; };
		1B7373A524DB33D200DBB7F2 /* RKProtocol.h in Headers */ = {isa = PBXBuildFile; fileRef = 1B73733324DB33D100DBB7F2 /* RKProtocol.h */; settings = {ATTRIBUTES = (Public, ); }; };
		1B7373A624DB33D200DBB7F2 /* RKProtocol.h in Headers */ = {isa = PBXBuildFile; fileRef = 1B73733324DB33D100DBB7F2 /* RKProtocol.h */; settings = {ATTRIBUTES = (Public, ); }; };
		1B7373A724DB33D200DBB7F2 /* RKProtocol.h in Headers */ = {isa = PBXBuildFile; fileRef = 1B73733324DB33D100DBB7F2 /* RKProtocol.h */; settings = {ATTRIBUTES = (Public, ); }; };
		1B7373A824DB33D200DBB7F2 /* RKIvar.m in Sources */ = {isa = PBXBuildFile; fileRef = 1B73733424DB33D100DBB7F2 /* RKIvar.m */; };
		1B7373A924DB33D200DBB7F2 /* RKIvar.m in Sources */ = {isa = PBXBuildFile; fileRef = 1B73733424DB33D100DBB7F2 /* RKIvar.m */; };
		1B7373AA24DB33D200DBB7F2 /* RKIvar.m in Sources */ = {isa = PBXBuildFile; fileRef = 1B73733424DB33D100DBB7F2 /* RKIvar.m */; };
		1B7373AB24DB33D200DBB7F2 /* RKIvar.m in Sources */ = {isa = PBXBuildFile; fileRef = 1B73733424DB33D100DBB7F2 /* RKIvar.m */; };
		1B7373AC24DB33D200DBB7F2 /* RKIvar.m in Sources */ = {isa = PBXBuildFile; fileRef = 1B73733424DB33D100DBB7F2 /* RKIvar.m */; };
		1B7373AD24DB33D200DBB7F2 /* RKIvar.m in Sources */ = {isa = PBXBuildFile; fileRef = 1B73733424DB33D100DBB7F2 /* RKIvar.m */; };
		1B7373AE24DB33D200DBB7F2 /* RKIvar.m in Sources */ = {isa = PBXBuildFile; fileRef = 1B73733424DB33D100DBB7F2 /* RKIvar.m */; };
		1B7373AF24DB33D200DBB7F2 /* RKClass.m in Sources */ = {isa = PBXBuildFile; fileRef = 1B73733524DB33D100DBB7F2 /* RKClass.m */; };
		1B7373B024DB33D200DBB7F2 /* RKClass.m in Sources */ = {isa = PBXBuildFile; fileRef = 1B73733524DB33D100DBB7F2 /* RKClass.m */; };
		1B7373B124DB33D200DBB7F2 /* RKClass.m in Sources */ = {isa = PBXBuildFile; fileRef = 1B73733524DB33D100DBB7F2 /* RKClass.m */; };
		1B7373B224DB33D200DBB7F2 /* RKClass.m in Sources */ = {isa = PBXBuildFile; fileRef = 1B73733524DB33D100DBB7F2 /* RKClass.m */; };
		1B7373B324DB33D200DBB7F2 /* RKClass.m in Sources */ = {isa = PBXBuildFile; fileRef = 1B73733524DB33D100DBB7F2 /* RKClass.m */; };
		1B7373B424DB33D200DBB7F2 /* RKClass.m in Sources */ = {isa = PBXBuildFile; fileRef = 1B73733524DB33D100DBB7F2 /* RKClass.m */; };
		1B7373B524DB33D200DBB7F2 /* RKClass.m in Sources */ = {isa = PBXBuildFile; fileRef = 1B73733524DB33D100DBB7F2 /* RKClass.m */; };
		1B7373B624DB33D200DBB7F2 /* RKPropertyAttribute.m in Sources */ = {isa = PBXBuildFile; fileRef = 1B73733624DB33D200DBB7F2 /* RKPropertyAttribute.m */; };
		1B7373B724DB33D200DBB7F2 /* RKPropertyAttribute.m in Sources */ = {isa = PBXBuildFile; fileRef = 1B73733624DB33D200DBB7F2 /* RKPropertyAttribute.m */; };
		1B7373B824DB33D200DBB7F2 /* RKPropertyAttribute.m in Sources */ = {isa = PBXBuildFile; fileRef = 1B73733624DB33D200DBB7F2 /* RKPropertyAttribute.m */; };
		1B7373B924DB33D200DBB7F2 /* RKPropertyAttribute.m in Sources */ = {isa = PBXBuildFile; fileRef = 1B73733624DB33D200DBB7F2 /* RKPropertyAttribute.m */; };
		1B7373BA24DB33D200DBB7F2 /* RKPropertyAttribute.m in Sources */ = {isa = PBXBuildFile; fileRef = 1B73733624DB33D200DBB7F2 /* RKPropertyAttribute.m */; };
		1B7373BB24DB33D200DBB7F2 /* RKPropertyAttribute.m in Sources */ = {isa = PBXBuildFile; fileRef = 1B73733624DB33D200DBB7F2 /* RKPropertyAttribute.m */; };
		1B7373BC24DB33D200DBB7F2 /* RKPropertyAttribute.m in Sources */ = {isa = PBXBuildFile; fileRef = 1B73733624DB33D200DBB7F2 /* RKPropertyAttribute.m */; };
		1B7373BD24DB33D200DBB7F2 /* RKProtocol.m in Sources */ = {isa = PBXBuildFile; fileRef = 1B73733724DB33D200DBB7F2 /* RKProtocol.m */; };
		1B7373BE24DB33D200DBB7F2 /* RKProtocol.m in Sources */ = {isa = PBXBuildFile; fileRef = 1B73733724DB33D200DBB7F2 /* RKProtocol.m */; };
		1B7373BF24DB33D200DBB7F2 /* RKProtocol.m in Sources */ = {isa = PBXBuildFile; fileRef = 1B73733724DB33D200DBB7F2 /* RKProtocol.m */; };
		1B7373C024DB33D200DBB7F2 /* RKProtocol.m in Sources */ = {isa = PBXBuildFile; fileRef = 1B73733724DB33D200DBB7F2 /* RKProtocol.m */; };
		1B7373C124DB33D200DBB7F2 /* RKProtocol.m in Sources */ = {isa = PBXBuildFile; fileRef = 1B73733724DB33D200DBB7F2 /* RKProtocol.m */; };
		1B7373C224DB33D200DBB7F2 /* RKProtocol.m in Sources */ = {isa = PBXBuildFile; fileRef = 1B73733724DB33D200DBB7F2 /* RKProtocol.m */; };
		1B7373C324DB33D200DBB7F2 /* RKProtocol.m in Sources */ = {isa = PBXBuildFile; fileRef = 1B73733724DB33D200DBB7F2 /* RKProtocol.m */; };
		1B7373C424DB33D200DBB7F2 /* RKRuntime.h in Headers */ = {isa = PBXBuildFile; fileRef = 1B73733824DB33D200DBB7F2 /* RKRuntime.h */; settings = {ATTRIBUTES = (Public, ); }; };
		1B7373C524DB33D200DBB7F2 /* RKRuntime.h in Headers */ = {isa = PBXBuildFile; fileRef = 1B73733824DB33D200DBB7F2 /* RKRuntime.h */; settings = {ATTRIBUTES = (Public, ); }; };
		1B7373C624DB33D200DBB7F2 /* RKRuntime.h in Headers */ = {isa = PBXBuildFile; fileRef = 1B73733824DB33D200DBB7F2 /* RKRuntime.h */; settings = {ATTRIBUTES = (Public, ); }; };
		1B7373C724DB33D200DBB7F2 /* RKRuntime.h in Headers */ = {isa = PBXBuildFile; fileRef = 1B73733824DB33D200DBB7F2 /* RKRuntime.h */; settings = {ATTRIBUTES = (Public, ); }; };
		1B7373C824DB33D200DBB7F2 /* RKEncode.m in Sources */ = {isa = PBXBuildFile; fileRef = 1B73733924DB33D200DBB7F2 /* RKEncode.m */; };
		1B7373C924DB33D200DBB7F2 /* RKEncode.m in Sources */ = {isa = PBXBuildFile; fileRef = 1B73733924DB33D200DBB7F2 /* RKEncode.m */; };
		1B7373CA24DB33D200DBB7F2 /* RKEncode.m in Sources */ = {isa = PBXBuildFile; fileRef = 1B73733924DB33D200DBB7F2 /* RKEncode.m */; };
		1B7373CB24DB33D200DBB7F2 /* RKEncode.m in Sources */ = {isa = PBXBuildFile; fileRef = 1B73733924DB33D200DBB7F2 /* RKEncode.m */; };
		1B7373CC24DB33D200DBB7F2 /* RKEncode.m in Sources */ = {isa = PBXBuildFile; fileRef = 1B73733924DB33D200DBB7F2 /* RKEncode.m */; };
		1B7373CD24DB33D200DBB7F2 /* RKEncode.m in Sources */ = {isa = PBXBuildFile; fileRef = 1B73733924DB33D200DBB7F2 /* RKEncode.m */; };
		1B7373CE24DB33D200DBB7F2 /* RKEncode.m in Sources */ = {isa = PBXBuildFile; fileRef = 1B73733924DB33D200DBB7F2 /* RKEncode.m */; };
		1B7373CF24DB33D200DBB7F2 /* RKImage.m in Sources */ = {isa = PBXBuildFile; fileRef = 1B73733A24DB33D200DBB7F2 /* RKImage.m */; };
		1B7373D024DB33D200DBB7F2 /* RKImage.m in Sources */ = {isa = PBXBuildFile; fileRef = 1B73733A24DB33D200DBB7F2 /* RKImage.m */; };
		1B7373D124DB33D200DBB7F2 /* RKImage.m in Sources */ = {isa = PBXBuildFile; fileRef = 1B73733A24DB33D200DBB7F2 /* RKImage.m */; };
		1B7373D224DB33D200DBB7F2 /* RKImage.m in Sources */ = {isa = PBXBuildFile; fileRef = 1B73733A24DB33D200DBB7F2 /* RKImage.m */; };
		1B7373D324DB33D200DBB7F2 /* RKImage.m in Sources */ = {isa = PBXBuildFile; fileRef = 1B73733A24DB33D200DBB7F2 /* RKImage.m */; };
		1B7373D424DB33D200DBB7F2 /* RKImage.m in Sources */ = {isa = PBXBuildFile; fileRef = 1B73733A24DB33D200DBB7F2 /* RKImage.m */; };
		1B7373D524DB33D200DBB7F2 /* RKImage.m in Sources */ = {isa = PBXBuildFile; fileRef = 1B73733A24DB33D200DBB7F2 /* RKImage.m */; };
		1B7373D624DB33D200DBB7F2 /* RKMethodDescription.h in Headers */ = {isa = PBXBuildFile; fileRef = 1B73733B24DB33D200DBB7F2 /* RKMethodDescription.h */; settings = {ATTRIBUTES = (Public, ); }; };
		1B7373D724DB33D200DBB7F2 /* RKMethodDescription.h in Headers */ = {isa = PBXBuildFile; fileRef = 1B73733B24DB33D200DBB7F2 /* RKMethodDescription.h */; settings = {ATTRIBUTES = (Public, ); }; };
		1B7373D824DB33D200DBB7F2 /* RKMethodDescription.h in Headers */ = {isa = PBXBuildFile; fileRef = 1B73733B24DB33D200DBB7F2 /* RKMethodDescription.h */; settings = {ATTRIBUTES = (Public, ); }; };
		1B7373D924DB33D200DBB7F2 /* RKMethodDescription.h in Headers */ = {isa = PBXBuildFile; fileRef = 1B73733B24DB33D200DBB7F2 /* RKMethodDescription.h */; settings = {ATTRIBUTES = (Public, ); }; };
		1B7373DA24DB33D200DBB7F2 /* RKRuntime.m in Sources */ = {isa = PBXBuildFile; fileRef = 1B73733C24DB33D200DBB7F2 /* RKRuntime.m */; };
		1B7373DB24DB33D200DBB7F2 /* RKRuntime.m in Sources */ = {isa = PBXBuildFile; fileRef = 1B73733C24DB33D200DBB7F2 /* RKRuntime.m */; };
		1B7373DC24DB33D200DBB7F2 /* RKRuntime.m in Sources */ = {isa = PBXBuildFile; fileRef = 1B73733C24DB33D200DBB7F2 /* RKRuntime.m */; };
		1B7373DD24DB33D200DBB7F2 /* RKRuntime.m in Sources */ = {isa = PBXBuildFile; fileRef = 1B73733C24DB33D200DBB7F2 /* RKRuntime.m */; };
		1B7373DE24DB33D200DBB7F2 /* RKRuntime.m in Sources */ = {isa = PBXBuildFile; fileRef = 1B73733C24DB33D200DBB7F2 /* RKRuntime.m */; };
		1B7373DF24DB33D200DBB7F2 /* RKRuntime.m in Sources */ = {isa = PBXBuildFile; fileRef = 1B73733C24DB33D200DBB7F2 /* RKRuntime.m */; };
		1B7373E024DB33D200DBB7F2 /* RKRuntime.m in Sources */ = {isa = PBXBuildFile; fileRef = 1B73733C24DB33D200DBB7F2 /* RKRuntime.m */; };
		1B7373E124DB33D200DBB7F2 /* RKProperty.m in Sources */ = {isa = PBXBuildFile; fileRef = 1B73733D24DB33D200DBB7F2 /* RKProperty.m */; };
		1B7373E224DB33D200DBB7F2 /* RKProperty.m in Sources */ = {isa = PBXBuildFile; fileRef = 1B73733D24DB33D200DBB7F2 /* RKProperty.m */; };
		1B7373E324DB33D200DBB7F2 /* RKProperty.m in Sources */ = {isa = PBXBuildFile; fileRef = 1B73733D24DB33D200DBB7F2 /* RKProperty.m */; };
		1B7373E424DB33D200DBB7F2 /* RKProperty.m in Sources */ = {isa = PBXBuildFile; fileRef = 1B73733D24DB33D200DBB7F2 /* RKProperty.m */; };
		1B7373E524DB33D200DBB7F2 /* RKProperty.m in Sources */ = {isa = PBXBuildFile; fileRef = 1B73733D24DB33D200DBB7F2 /* RKProperty.m */; };
		1B7373E624DB33D200DBB7F2 /* RKProperty.m in Sources */ = {isa = PBXBuildFile; fileRef = 1B73733D24DB33D200DBB7F2 /* RKProperty.m */; };
		1B7373E724DB33D200DBB7F2 /* RKProperty.m in Sources */ = {isa = PBXBuildFile; fileRef = 1B73733D24DB33D200DBB7F2 /* RKProperty.m */; };
		1B7373E824DB33D200DBB7F2 /* RKSelector.m in Sources */ = {isa = PBXBuildFile; fileRef = 1B73733E24DB33D200DBB7F2 /* RKSelector.m */; };
		1B7373E924DB33D200DBB7F2 /* RKSelector.m in Sources */ = {isa = PBXBuildFile; fileRef = 1B73733E24DB33D200DBB7F2 /* RKSelector.m */; };
		1B7373EA24DB33D200DBB7F2 /* RKSelector.m in Sources */ = {isa = PBXBuildFile; fileRef = 1B73733E24DB33D200DBB7F2 /* RKSelector.m */; };
		1B7373EB24DB33D200DBB7F2 /* RKSelector.m in Sources */ = {isa = PBXBuildFile; fileRef = 1B73733E24DB33D200DBB7F2 /* RKSelector.m */; };
		1B7373EC24DB33D200DBB7F2 /* RKSelector.m in Sources */ = {isa = PBXBuildFile; fileRef = 1B73733E24DB33D200DBB7F2 /* RKSelector.m */; };
		1B7373ED24DB33D200DBB7F2 /* RKSelector.m in Sources */ = {isa = PBXBuildFile; fileRef = 1B73733E24DB33D200DBB7F2 /* RKSelector.m */; };
		1B7373EE24DB33D200DBB7F2 /* RKSelector.m in Sources */ = {isa = PBXBuildFile; fileRef = 1B73733E24DB33D200DBB7F2 /* RKSelector.m */; };
		1B7373EF24DB33D200DBB7F2 /* RKObject.h in Headers */ = {isa = PBXBuildFile; fileRef = 1B73733F24DB33D200DBB7F2 /* RKObject.h */; settings = {ATTRIBUTES = (Public, ); }; };
		1B7373F024DB33D200DBB7F2 /* RKObject.h in Headers */ = {isa = PBXBuildFile; fileRef = 1B73733F24DB33D200DBB7F2 /* RKObject.h */; settings = {ATTRIBUTES = (Public, ); }; };
		1B7373F124DB33D200DBB7F2 /* RKObject.h in Headers */ = {isa = PBXBuildFile; fileRef = 1B73733F24DB33D200DBB7F2 /* RKObject.h */; settings = {ATTRIBUTES = (Public, ); }; };
		1B7373F224DB33D200DBB7F2 /* RKObject.h in Headers */ = {isa = PBXBuildFile; fileRef = 1B73733F24DB33D200DBB7F2 /* RKObject.h */; settings = {ATTRIBUTES = (Public, ); }; };
		1B7373F324DB33D200DBB7F2 /* RKIvarLayout.h in Headers */ = {isa = PBXBuildFile; fileRef = 1B73734024DB33D200DBB7F2 /* RKIvarLayout.h */; settings = {ATTRIBUTES = (Public, ); }; };
		1B7373F424DB33D200DBB7F2 /* RKIvarLayout.h in Headers */ = {isa = PBXBuildFile; fileRef = 1B73734024DB33D200DBB7F2 /* RKIvarLayout.h */; settings = {ATTRIBUTES = (Public, ); }; };
		1B7373F524DB33D200DBB7F2 /* RKIvarLayout.h in Headers */ = {isa = PBXBuildFile; fileRef = 1B73734024DB33D200DBB7F2 /* RKIvarLayout.h */; settings = {ATTRIBUTES = (Public, ); }; };
		1B7373F624DB33D200DBB7F2 /* RKIvarLayout.h in Headers */ = {isa = PBXBuildFile; fileRef = 1B73734024DB33D200DBB7F2 /* RKIvarLayout.h */; settings = {ATTRIBUTES = (Public, ); }; };
		1B7373F724DB33D200DBB7F2 /* RKTypeEncoding.m in Sources */ = {isa = PBXBuildFile; fileRef = 1B73734124DB33D200DBB7F2 /* RKTypeEncoding.m */; };
		1B7373F824DB33D200DBB7F2 /* RKTypeEncoding.m in Sources */ = {isa = PBXBuildFile; fileRef = 1B73734124DB33D200DBB7F2 /* RKTypeEncoding.m */; };
		1B7373F924DB33D200DBB7F2 /* RKTypeEncoding.m in Sources */ = {isa = PBXBuildFile; fileRef = 1B73734124DB33D200DBB7F2 /* RKTypeEncoding.m */; };
		1B7373FA24DB33D200DBB7F2 /* RKTypeEncoding.m in Sources */ = {isa = PBXBuildFile; fileRef = 1B73734124DB33D200DBB7F2 /* RKTypeEncoding.m */; };
		1B7373FB24DB33D200DBB7F2 /* RKTypeEncoding.m in Sources */ = {isa = PBXBuildFile; fileRef = 1B73734124DB33D200DBB7F2 /* RKTypeEncoding.m */; };
		1B7373FC24DB33D200DBB7F2 /* RKTypeEncoding.m in Sources */ = {isa = PBXBuildFile; fileRef = 1B73734124DB33D200DBB7F2 /* RKTypeEncoding.m */; };
		1B7373FD24DB33D200DBB7F2 /* RKTypeEncoding.m in Sources */ = {isa = PBXBuildFile; fileRef = 1B73734124DB33D200DBB7F2 /* RKTypeEncoding.m */; };
		1B7373FE24DB33D200DBB7F2 /* RKMethod.m in Sources */ = {isa = PBXBuildFile; fileRef = 1B73734224DB33D200DBB7F2 /* RKMethod.m */; };
		1B7373FF24DB33D200DBB7F2 /* RKMethod.m in Sources */ = {isa = PBXBuildFile; fileRef = 1B73734224DB33D200DBB7F2 /* RKMethod.m */; };
		1B73740024DB33D200DBB7F2 /* RKMethod.m in Sources */ = {isa = PBXBuildFile; fileRef = 1B73734224DB33D200DBB7F2 /* RKMethod.m */; };
		1B73740124DB33D200DBB7F2 /* RKMethod.m in Sources */ = {isa = PBXBuildFile; fileRef = 1B73734224DB33D200DBB7F2 /* RKMethod.m */; };
		1B73740224DB33D200DBB7F2 /* RKMethod.m in Sources */ = {isa = PBXBuildFile; fileRef = 1B73734224DB33D200DBB7F2 /* RKMethod.m */; };
		1B73740324DB33D200DBB7F2 /* RKMethod.m in Sources */ = {isa = PBXBuildFile; fileRef = 1B73734224DB33D200DBB7F2 /* RKMethod.m */; };
		1B73740424DB33D200DBB7F2 /* RKMethod.m in Sources */ = {isa = PBXBuildFile; fileRef = 1B73734224DB33D200DBB7F2 /* RKMethod.m */; };
		1BBD3A3522BB369500CD7BCD /* XCTest.framework in Frameworks */ = {isa = PBXBuildFile; fileRef = 1BBD3A3422BB369500CD7BCD /* XCTest.framework */; };
		1BBD3A3722BB369D00CD7BCD /* XCTest.framework in Frameworks */ = {isa = PBXBuildFile; fileRef = 1BBD3A3622BB369D00CD7BCD /* XCTest.framework */; };
		1BBD3A3922BB36A300CD7BCD /* XCTest.framework in Frameworks */ = {isa = PBXBuildFile; fileRef = 1BBD3A3822BB36A300CD7BCD /* XCTest.framework */; };
		1BF29CAB22BA24940046611D /* QPRuntimeKit.h in Headers */ = {isa = PBXBuildFile; fileRef = 1B188A2B22BA131700561366 /* QPRuntimeKit.h */; settings = {ATTRIBUTES = (Public, ); }; };
		1BF29CB822BA27C80046611D /* Tests.m in Sources */ = {isa = PBXBuildFile; fileRef = 1B188A3622BA131700561366 /* Tests.m */; };
		1BF29CBA22BA27C80046611D /* QPRuntimeKit.framework in Frameworks */ = {isa = PBXBuildFile; fileRef = 1B188A2822BA131700561366 /* QPRuntimeKit.framework */; };
		1BF29CC322BA2AD00046611D /* QPRuntimeKit.h in Headers */ = {isa = PBXBuildFile; fileRef = 1B188A2B22BA131700561366 /* QPRuntimeKit.h */; settings = {ATTRIBUTES = (Public, ); }; };
		1BF29CD022BA2B590046611D /* Tests.m in Sources */ = {isa = PBXBuildFile; fileRef = 1B188A3622BA131700561366 /* Tests.m */; };
		1BF29CD222BA2B590046611D /* QPRuntimeKit.framework in Frameworks */ = {isa = PBXBuildFile; fileRef = 1B188A2822BA131700561366 /* QPRuntimeKit.framework */; };
		1BF29CDB22BA2C230046611D /* QPRuntimeKit.h in Headers */ = {isa = PBXBuildFile; fileRef = 1B188A2B22BA131700561366 /* QPRuntimeKit.h */; settings = {ATTRIBUTES = (Public, ); }; };
/* End PBXBuildFile section */

/* Begin PBXContainerItemProxy section */
		1BBD3A3E22BB60E700CD7BCD /* PBXContainerItemProxy */ = {
			isa = PBXContainerItemProxy;
			containerPortal = 1B188A1F22BA131700561366 /* Project object */;
			proxyType = 1;
			remoteGlobalIDString = 1B188A2722BA131700561366;
			remoteInfo = "QPRuntimeKit-iOS";
		};
		1BBD3A4022BB611100CD7BCD /* PBXContainerItemProxy */ = {
			isa = PBXContainerItemProxy;
			containerPortal = 1B188A1F22BA131700561366 /* Project object */;
			proxyType = 1;
			remoteGlobalIDString = 1BF29CA922BA24940046611D;
			remoteInfo = "QPRuntimeKit-macOS";
		};
		1BBD3A4222BB611A00CD7BCD /* PBXContainerItemProxy */ = {
			isa = PBXContainerItemProxy;
			containerPortal = 1B188A1F22BA131700561366 /* Project object */;
			proxyType = 1;
			remoteGlobalIDString = 1BF29CC122BA2AD00046611D;
			remoteInfo = "QPRuntimeKit-tvOS";
		};
/* End PBXContainerItemProxy section */

/* Begin PBXFileReference section */
		1B188A2822BA131700561366 /* QPRuntimeKit.framework */ = {isa = PBXFileReference; explicitFileType = wrapper.framework; includeInIndex = 0; path = QPRuntimeKit.framework; sourceTree = BUILT_PRODUCTS_DIR; };
		1B188A2B22BA131700561366 /* QPRuntimeKit.h */ = {isa = PBXFileReference; lastKnownFileType = sourcecode.c.h; path = QPRuntimeKit.h; sourceTree = "<group>"; };
		1B188A2C22BA131700561366 /* Info.plist */ = {isa = PBXFileReference; lastKnownFileType = text.plist.xml; path = Info.plist; sourceTree = "<group>"; };
		1B188A3122BA131700561366 /* QPRuntimeKitTests.xctest */ = {isa = PBXFileReference; explicitFileType = wrapper.cfbundle; includeInIndex = 0; path = QPRuntimeKitTests.xctest; sourceTree = BUILT_PRODUCTS_DIR; };
		1B188A3622BA131700561366 /* Tests.m */ = {isa = PBXFileReference; lastKnownFileType = sourcecode.c.objc; path = Tests.m; sourceTree = "<group>"; };
		1B188A3822BA131700561366 /* Info.plist */ = {isa = PBXFileReference; lastKnownFileType = text.plist.xml; path = Info.plist; sourceTree = "<group>"; };
		1B73732024DB33D100DBB7F2 /* RKIvarLayout.m */ = {isa = PBXFileReference; fileEncoding = 4; lastKnownFileType = sourcecode.c.objc; path = RKIvarLayout.m; sourceTree = "<group>"; };
		1B73732124DB33D100DBB7F2 /* RKObject.m */ = {isa = PBXFileReference; fileEncoding = 4; lastKnownFileType = sourcecode.c.objc; path = RKObject.m; sourceTree = "<group>"; };
		1B73732224DB33D100DBB7F2 /* RKEncode.def */ = {isa = PBXFileReference; fileEncoding = 4; lastKnownFileType = text; path = RKEncode.def; sourceTree = "<group>"; };
		1B73732324DB33D100DBB7F2 /* RKTypeEncoding.h */ = {isa = PBXFileReference; fileEncoding = 4; lastKnownFileType = sourcecode.c.h; path = RKTypeEncoding.h; sourceTree = "<group>"; };
		1B73732424DB33D100DBB7F2 /* RKMethodTypeEncoding.h */ = {isa = PBXFileReference; fileEncoding = 4; lastKnownFileType = sourcecode.c.h; path = RKMethodTypeEncoding.h; sourceTree = "<group>"; };
		1B73732524DB33D100DBB7F2 /* RKSelector.h */ = {isa = PBXFileReference; fileEncoding = 4; lastKnownFileType = sourcecode.c.h; path = RKSelector.h; sourceTree = "<group>"; };
		1B73732624DB33D100DBB7F2 /* RKMethod.h */ = {isa = PBXFileReference; fileEncoding = 4; lastKnownFileType = sourcecode.c.h; path = RKMethod.h; sourceTree = "<group>"; };
		1B73732724DB33D100DBB7F2 /* RKProperty.h */ = {isa = PBXFileReference; fileEncoding = 4; lastKnownFileType = sourcecode.c.h; path = RKProperty.h; sourceTree = "<group>"; };
		1B73732824DB33D100DBB7F2 /* RKMethodTypeEncoding.m */ = {isa = PBXFileReference; fileEncoding = 4; lastKnownFileType = sourcecode.c.objc; path = RKMethodTypeEncoding.m; sourceTree = "<group>"; };
		1B73732924DB33D100DBB7F2 /* RKImplementation.h */ = {isa = PBXFileReference; fileEncoding = 4; lastKnownFileType = sourcecode.c.h; path = RKImplementation.h; sourceTree = "<group>"; };
		1B73732A24DB33D100DBB7F2 /* RKMethodDescription.m */ = {isa = PBXFileReference; fileEncoding = 4; lastKnownFileType = sourcecode.c.objc; path = RKMethodDescription.m; sourceTree = "<group>"; };
		1B73732B24DB33D100DBB7F2 /* RKClass.h */ = {isa = PBXFileReference; fileEncoding = 4; lastKnownFileType = sourcecode.c.h; path = RKClass.h; sourceTree = "<group>"; };
		1B73732C24DB33D100DBB7F2 /* RKImage.h */ = {isa = PBXFileReference; fileEncoding = 4; lastKnownFileType = sourcecode.c.h; path = RKImage.h; sourceTree = "<group>"; };
		1B73732D24DB33D100DBB7F2 /* RKEncode.h */ = {isa = PBXFileReference; fileEncoding = 4; lastKnownFileType = sourcecode.c.h; path = RKEncode.h; sourceTree = "<group>"; };
		1B73732E24DB33D100DBB7F2 /* RKIvar.h */ = {isa = PBXFileReference; fileEncoding = 4; lastKnownFileType = sourcecode.c.h; path = RKIvar.h; sourceTree = "<group>"; };
		1B73732F24DB33D100DBB7F2 /* RKType.m */ = {isa = PBXFileReference; fileEncoding = 4; lastKnownFileType = sourcecode.c.objc; path = RKType.m; sourceTree = "<group>"; };
		1B73733024DB33D100DBB7F2 /* RKType.h */ = {isa = PBXFileReference; fileEncoding = 4; lastKnownFileType = sourcecode.c.h; path = RKType.h; sourceTree = "<group>"; };
		1B73733124DB33D100DBB7F2 /* RKImplementation.m */ = {isa = PBXFileReference; fileEncoding = 4; lastKnownFileType = sourcecode.c.objc; path = RKImplementation.m; sourceTree = "<group>"; };
		1B73733224DB33D100DBB7F2 /* RKPropertyAttribute.h */ = {isa = PBXFileReference; fileEncoding = 4; lastKnownFileType = sourcecode.c.h; path = RKPropertyAttribute.h; sourceTree = "<group>"; };
		1B73733324DB33D100DBB7F2 /* RKProtocol.h */ = {isa = PBXFileReference; fileEncoding = 4; lastKnownFileType = sourcecode.c.h; path = RKProtocol.h; sourceTree = "<group>"; };
		1B73733424DB33D100DBB7F2 /* RKIvar.m */ = {isa = PBXFileReference; fileEncoding = 4; lastKnownFileType = sourcecode.c.objc; path = RKIvar.m; sourceTree = "<group>"; };
		1B73733524DB33D100DBB7F2 /* RKClass.m */ = {isa = PBXFileReference; fileEncoding = 4; lastKnownFileType = sourcecode.c.objc; path = RKClass.m; sourceTree = "<group>"; };
		1B73733624DB33D200DBB7F2 /* RKPropertyAttribute.m */ = {isa = PBXFileReference; fileEncoding = 4; lastKnownFileType = sourcecode.c.objc; path = RKPropertyAttribute.m; sourceTree = "<group>"; };
		1B73733724DB33D200DBB7F2 /* RKProtocol.m */ = {isa = PBXFileReference; fileEncoding = 4; lastKnownFileType = sourcecode.c.objc; path = RKProtocol.m; sourceTree = "<group>"; };
		1B73733824DB33D200DBB7F2 /* RKRuntime.h */ = {isa = PBXFileReference; fileEncoding = 4; lastKnownFileType = sourcecode.c.h; path = RKRuntime.h; sourceTree = "<group>"; };
		1B73733924DB33D200DBB7F2 /* RKEncode.m */ = {isa = PBXFileReference; fileEncoding = 4; lastKnownFileType = sourcecode.c.objc; path = RKEncode.m; sourceTree = "<group>"; };
		1B73733A24DB33D200DBB7F2 /* RKImage.m */ = {isa = PBXFileReference; fileEncoding = 4; lastKnownFileType = sourcecode.c.objc; path = RKImage.m; sourceTree = "<group>"; };
		1B73733B24DB33D200DBB7F2 /* RKMethodDescription.h */ = {isa = PBXFileReference; fileEncoding = 4; lastKnownFileType = sourcecode.c.h; path = RKMethodDescription.h; sourceTree = "<group>"; };
		1B73733C24DB33D200DBB7F2 /* RKRuntime.m */ = {isa = PBXFileReference; fileEncoding = 4; lastKnownFileType = sourcecode.c.objc; path = RKRuntime.m; sourceTree = "<group>"; };
		1B73733D24DB33D200DBB7F2 /* RKProperty.m */ = {isa = PBXFileReference; fileEncoding = 4; lastKnownFileType = sourcecode.c.objc; path = RKProperty.m; sourceTree = "<group>"; };
		1B73733E24DB33D200DBB7F2 /* RKSelector.m */ = {isa = PBXFileReference; fileEncoding = 4; lastKnownFileType = sourcecode.c.objc; path = RKSelector.m; sourceTree = "<group>"; };
		1B73733F24DB33D200DBB7F2 /* RKObject.h */ = {isa = PBXFileReference; fileEncoding = 4; lastKnownFileType = sourcecode.c.h; path = RKObject.h; sourceTree = "<group>"; };
		1B73734024DB33D200DBB7F2 /* RKIvarLayout.h */ = {isa = PBXFileReference; fileEncoding = 4; lastKnownFileType = sourcecode.c.h; path = RKIvarLayout.h; sourceTree = "<group>"; };
		1B73734124DB33D200DBB7F2 /* RKTypeEncoding.m */ = {isa = PBXFileReference; fileEncoding = 4; lastKnownFileType = sourcecode.c.objc; path = RKTypeEncoding.m; sourceTree = "<group>"; };
		1B73734224DB33D200DBB7F2 /* RKMethod.m */ = {isa = PBXFileReference; fileEncoding = 4; lastKnownFileType = sourcecode.c.objc; path = RKMethod.m; sourceTree = "<group>"; };
		1BBD3A3422BB369500CD7BCD /* XCTest.framework */ = {isa = PBXFileReference; lastKnownFileType = wrapper.framework; name = XCTest.framework; path = Platforms/iPhoneOS.platform/Developer/Library/Frameworks/XCTest.framework; sourceTree = DEVELOPER_DIR; };
		1BBD3A3622BB369D00CD7BCD /* XCTest.framework */ = {isa = PBXFileReference; lastKnownFileType = wrapper.framework; name = XCTest.framework; path = Platforms/MacOSX.platform/Developer/Library/Frameworks/XCTest.framework; sourceTree = DEVELOPER_DIR; };
		1BBD3A3822BB36A300CD7BCD /* XCTest.framework */ = {isa = PBXFileReference; lastKnownFileType = wrapper.framework; name = XCTest.framework; path = Platforms/AppleTVOS.platform/Developer/Library/Frameworks/XCTest.framework; sourceTree = DEVELOPER_DIR; };
		1BE4739922BA1B96009B3792 /* Prefix.pch */ = {isa = PBXFileReference; lastKnownFileType = sourcecode.c.h; path = Prefix.pch; sourceTree = "<group>"; };
		1BF29CB222BA24940046611D /* QPRuntimeKit.framework */ = {isa = PBXFileReference; explicitFileType = wrapper.framework; includeInIndex = 0; path = QPRuntimeKit.framework; sourceTree = BUILT_PRODUCTS_DIR; };
		1BF29CBF22BA27C80046611D /* QPRuntimeKitTests.xctest */ = {isa = PBXFileReference; explicitFileType = wrapper.cfbundle; includeInIndex = 0; path = QPRuntimeKitTests.xctest; sourceTree = BUILT_PRODUCTS_DIR; };
		1BF29CCA22BA2AD00046611D /* QPRuntimeKit.framework */ = {isa = PBXFileReference; explicitFileType = wrapper.framework; includeInIndex = 0; path = QPRuntimeKit.framework; sourceTree = BUILT_PRODUCTS_DIR; };
		1BF29CD722BA2B590046611D /* QPRuntimeKitTests.xctest */ = {isa = PBXFileReference; explicitFileType = wrapper.cfbundle; includeInIndex = 0; path = QPRuntimeKitTests.xctest; sourceTree = BUILT_PRODUCTS_DIR; };
		1BF29CE222BA2C230046611D /* QPRuntimeKit.framework */ = {isa = PBXFileReference; explicitFileType = wrapper.framework; includeInIndex = 0; path = QPRuntimeKit.framework; sourceTree = BUILT_PRODUCTS_DIR; };
		4C9AD0A3CF469F47C5AFDA43 /* LICENSE */ = {isa = PBXFileReference; includeInIndex = 1; lastKnownFileType = text; name = LICENSE; path = ./LICENSE; sourceTree = "<group>"; };
		5256E07D4A587D40441733B8 /* README.md */ = {isa = PBXFileReference; includeInIndex = 1; lastKnownFileType = net.daringfireball.markdown; name = README.md; path = ./README.md; sourceTree = "<group>"; };
		BCB06C52B2DB99D8B653199B /* Cartfile.private */ = {isa = PBXFileReference; includeInIndex = 1; lastKnownFileType = text; name = Cartfile.private; path = ./Cartfile.private; sourceTree = "<group>"; };
		DE6FDBE679EDC7C117970B7F /* QPRuntimeKit.podspec */ = {isa = PBXFileReference; includeInIndex = 1; lastKnownFileType = text; name = QPRuntimeKit.podspec; path = ./QPRuntimeKit.podspec; sourceTree = "<group>"; };
/* End PBXFileReference section */

/* Begin PBXFrameworksBuildPhase section */
		1B188A2522BA131700561366 /* Frameworks */ = {
			isa = PBXFrameworksBuildPhase;
			buildActionMask = 2147483647;
			files = (
			);
			runOnlyForDeploymentPostprocessing = 0;
		};
		1B188A2E22BA131700561366 /* Frameworks */ = {
			isa = PBXFrameworksBuildPhase;
			buildActionMask = 2147483647;
			files = (
				1BBD3A3522BB369500CD7BCD /* XCTest.framework in Frameworks */,
				1B188A3222BA131700561366 /* QPRuntimeKit.framework in Frameworks */,
			);
			runOnlyForDeploymentPostprocessing = 0;
		};
		1BF29CAD22BA24940046611D /* Frameworks */ = {
			isa = PBXFrameworksBuildPhase;
			buildActionMask = 2147483647;
			files = (
			);
			runOnlyForDeploymentPostprocessing = 0;
		};
		1BF29CB922BA27C80046611D /* Frameworks */ = {
			isa = PBXFrameworksBuildPhase;
			buildActionMask = 2147483647;
			files = (
				1BBD3A3722BB369D00CD7BCD /* XCTest.framework in Frameworks */,
				1BF29CBA22BA27C80046611D /* QPRuntimeKit.framework in Frameworks */,
			);
			runOnlyForDeploymentPostprocessing = 0;
		};
		1BF29CC522BA2AD00046611D /* Frameworks */ = {
			isa = PBXFrameworksBuildPhase;
			buildActionMask = 2147483647;
			files = (
			);
			runOnlyForDeploymentPostprocessing = 0;
		};
		1BF29CD122BA2B590046611D /* Frameworks */ = {
			isa = PBXFrameworksBuildPhase;
			buildActionMask = 2147483647;
			files = (
				1BBD3A3922BB36A300CD7BCD /* XCTest.framework in Frameworks */,
				1BF29CD222BA2B590046611D /* QPRuntimeKit.framework in Frameworks */,
			);
			runOnlyForDeploymentPostprocessing = 0;
		};
		1BF29CDD22BA2C230046611D /* Frameworks */ = {
			isa = PBXFrameworksBuildPhase;
			buildActionMask = 2147483647;
			files = (
			);
			runOnlyForDeploymentPostprocessing = 0;
		};
/* End PBXFrameworksBuildPhase section */

/* Begin PBXGroup section */
		1B188A1E22BA131700561366 = {
			isa = PBXGroup;
			children = (
				1BE4739822BA1A12009B3792 /* Podspec Metadata */,
				1B188A2A22BA131700561366 /* QPRuntimeKit */,
				1B188A3522BA131700561366 /* QPRuntimeKitTests */,
				1BBD3A3322BB369500CD7BCD /* Frameworks */,
				1B188A2922BA131700561366 /* Products */,
			);
			sourceTree = "<group>";
		};
		1B188A2922BA131700561366 /* Products */ = {
			isa = PBXGroup;
			children = (
				1B188A2822BA131700561366 /* QPRuntimeKit.framework */,
				1B188A3122BA131700561366 /* QPRuntimeKitTests.xctest */,
				1BF29CB222BA24940046611D /* QPRuntimeKit.framework */,
				1BF29CBF22BA27C80046611D /* QPRuntimeKitTests.xctest */,
				1BF29CCA22BA2AD00046611D /* QPRuntimeKit.framework */,
				1BF29CD722BA2B590046611D /* QPRuntimeKitTests.xctest */,
				1BF29CE222BA2C230046611D /* QPRuntimeKit.framework */,
			);
			name = Products;
			sourceTree = "<group>";
		};
		1B188A2A22BA131700561366 /* QPRuntimeKit */ = {
			isa = PBXGroup;
			children = (
				1B75143822BBF39E006F7D56 /* Assets */,
				1B75143A22BBF39E006F7D56 /* Classes */,
				1B188A2C22BA131700561366 /* Info.plist */,
			);
			path = QPRuntimeKit;
			sourceTree = "<group>";
		};
		1B188A3522BA131700561366 /* QPRuntimeKitTests */ = {
			isa = PBXGroup;
			children = (
				1B188A3622BA131700561366 /* Tests.m */,
				1BE4739922BA1B96009B3792 /* Prefix.pch */,
				1B188A3822BA131700561366 /* Info.plist */,
			);
			path = QPRuntimeKitTests;
			sourceTree = "<group>";
		};
		1B75143822BBF39E006F7D56 /* Assets */ = {
			isa = PBXGroup;
			children = (
			);
			path = Assets;
			sourceTree = "<group>";
		};
		1B75143A22BBF39E006F7D56 /* Classes */ = {
			isa = PBXGroup;
			children = (
				1B188A2B22BA131700561366 /* QPRuntimeKit.h */,
				1B73733824DB33D200DBB7F2 /* RKRuntime.h */,
				1B73733C24DB33D200DBB7F2 /* RKRuntime.m */,
				1B73732B24DB33D100DBB7F2 /* RKClass.h */,
				1B73733524DB33D100DBB7F2 /* RKClass.m */,
				1B73732224DB33D100DBB7F2 /* RKEncode.def */,
				1B73732D24DB33D100DBB7F2 /* RKEncode.h */,
				1B73733924DB33D200DBB7F2 /* RKEncode.m */,
				1B73732C24DB33D100DBB7F2 /* RKImage.h */,
				1B73733A24DB33D200DBB7F2 /* RKImage.m */,
				1B73732924DB33D100DBB7F2 /* RKImplementation.h */,
				1B73733124DB33D100DBB7F2 /* RKImplementation.m */,
				1B73732E24DB33D100DBB7F2 /* RKIvar.h */,
				1B73733424DB33D100DBB7F2 /* RKIvar.m */,
				1B73734024DB33D200DBB7F2 /* RKIvarLayout.h */,
				1B73732024DB33D100DBB7F2 /* RKIvarLayout.m */,
				1B73732624DB33D100DBB7F2 /* RKMethod.h */,
				1B73734224DB33D200DBB7F2 /* RKMethod.m */,
				1B73733B24DB33D200DBB7F2 /* RKMethodDescription.h */,
				1B73732A24DB33D100DBB7F2 /* RKMethodDescription.m */,
				1B73732424DB33D100DBB7F2 /* RKMethodTypeEncoding.h */,
				1B73732824DB33D100DBB7F2 /* RKMethodTypeEncoding.m */,
				1B73733F24DB33D200DBB7F2 /* RKObject.h */,
				1B73732124DB33D100DBB7F2 /* RKObject.m */,
				1B73732724DB33D100DBB7F2 /* RKProperty.h */,
				1B73733D24DB33D200DBB7F2 /* RKProperty.m */,
				1B73733224DB33D100DBB7F2 /* RKPropertyAttribute.h */,
				1B73733624DB33D200DBB7F2 /* RKPropertyAttribute.m */,
				1B73733324DB33D100DBB7F2 /* RKProtocol.h */,
				1B73733724DB33D200DBB7F2 /* RKProtocol.m */,
				1B73732524DB33D100DBB7F2 /* RKSelector.h */,
				1B73733E24DB33D200DBB7F2 /* RKSelector.m */,
				1B73733024DB33D100DBB7F2 /* RKType.h */,
				1B73732F24DB33D100DBB7F2 /* RKType.m */,
				1B73732324DB33D100DBB7F2 /* RKTypeEncoding.h */,
				1B73734124DB33D200DBB7F2 /* RKTypeEncoding.m */,
			);
			path = Classes;
			sourceTree = "<group>";
		};
		1BBD3A3322BB369500CD7BCD /* Frameworks */ = {
			isa = PBXGroup;
			children = (
				1BBD3A3822BB36A300CD7BCD /* XCTest.framework */,
				1BBD3A3622BB369D00CD7BCD /* XCTest.framework */,
				1BBD3A3422BB369500CD7BCD /* XCTest.framework */,
			);
			name = Frameworks;
			sourceTree = "<group>";
		};
		1BE4739822BA1A12009B3792 /* Podspec Metadata */ = {
			isa = PBXGroup;
			children = (
				DE6FDBE679EDC7C117970B7F /* QPRuntimeKit.podspec */,
				BCB06C52B2DB99D8B653199B /* Cartfile.private */,
				5256E07D4A587D40441733B8 /* README.md */,
				4C9AD0A3CF469F47C5AFDA43 /* LICENSE */,
			);
			name = "Podspec Metadata";
			sourceTree = "<group>";
		};
/* End PBXGroup section */

/* Begin PBXHeadersBuildPhase section */
		1B188A2322BA131700561366 /* Headers */ = {
			isa = PBXHeadersBuildPhase;
			buildActionMask = 2147483647;
			files = (
				1B73736424DB33D200DBB7F2 /* RKMethod.h in Headers */,
				1B73738A24DB33D200DBB7F2 /* RKIvar.h in Headers */,
				1B73738624DB33D200DBB7F2 /* RKEncode.h in Headers */,
				1B73736024DB33D200DBB7F2 /* RKSelector.h in Headers */,
				1B73737E24DB33D200DBB7F2 /* RKClass.h in Headers */,
				1B7373A024DB33D200DBB7F2 /* RKPropertyAttribute.h in Headers */,
				1B73736824DB33D200DBB7F2 /* RKProperty.h in Headers */,
				1B7373A424DB33D200DBB7F2 /* RKProtocol.h in Headers */,
				1B7373EF24DB33D200DBB7F2 /* RKObject.h in Headers */,
				1B7373C424DB33D200DBB7F2 /* RKRuntime.h in Headers */,
				1B73735C24DB33D200DBB7F2 /* RKMethodTypeEncoding.h in Headers */,
				1B7373F324DB33D200DBB7F2 /* RKIvarLayout.h in Headers */,
				1B73737324DB33D200DBB7F2 /* RKImplementation.h in Headers */,
				1B73735824DB33D200DBB7F2 /* RKTypeEncoding.h in Headers */,
				1B73739524DB33D200DBB7F2 /* RKType.h in Headers */,
				1B7373D624DB33D200DBB7F2 /* RKMethodDescription.h in Headers */,
				1B188A3922BA131700561366 /* QPRuntimeKit.h in Headers */,
				1B73738224DB33D200DBB7F2 /* RKImage.h in Headers */,
				1B73735124DB33D200DBB7F2 /* RKEncode.def in Headers */,
			);
			runOnlyForDeploymentPostprocessing = 0;
		};
		1BF29CAA22BA24940046611D /* Headers */ = {
			isa = PBXHeadersBuildPhase;
			buildActionMask = 2147483647;
			files = (
				1B73736524DB33D200DBB7F2 /* RKMethod.h in Headers */,
				1B73738B24DB33D200DBB7F2 /* RKIvar.h in Headers */,
				1B73738724DB33D200DBB7F2 /* RKEncode.h in Headers */,
				1B73736124DB33D200DBB7F2 /* RKSelector.h in Headers */,
				1B73737F24DB33D200DBB7F2 /* RKClass.h in Headers */,
				1B7373A124DB33D200DBB7F2 /* RKPropertyAttribute.h in Headers */,
				1B73736924DB33D200DBB7F2 /* RKProperty.h in Headers */,
				1B7373A524DB33D200DBB7F2 /* RKProtocol.h in Headers */,
				1B7373F024DB33D200DBB7F2 /* RKObject.h in Headers */,
				1B7373C524DB33D200DBB7F2 /* RKRuntime.h in Headers */,
				1B73735D24DB33D200DBB7F2 /* RKMethodTypeEncoding.h in Headers */,
				1B7373F424DB33D200DBB7F2 /* RKIvarLayout.h in Headers */,
				1B73737424DB33D200DBB7F2 /* RKImplementation.h in Headers */,
				1B73735924DB33D200DBB7F2 /* RKTypeEncoding.h in Headers */,
				1B73739624DB33D200DBB7F2 /* RKType.h in Headers */,
				1B7373D724DB33D200DBB7F2 /* RKMethodDescription.h in Headers */,
				1BF29CAB22BA24940046611D /* QPRuntimeKit.h in Headers */,
				1B73738324DB33D200DBB7F2 /* RKImage.h in Headers */,
				1B73735324DB33D200DBB7F2 /* RKEncode.def in Headers */,
			);
			runOnlyForDeploymentPostprocessing = 0;
		};
		1BF29CC222BA2AD00046611D /* Headers */ = {
			isa = PBXHeadersBuildPhase;
			buildActionMask = 2147483647;
			files = (
				1B73736624DB33D200DBB7F2 /* RKMethod.h in Headers */,
				1B73738C24DB33D200DBB7F2 /* RKIvar.h in Headers */,
				1B73738824DB33D200DBB7F2 /* RKEncode.h in Headers */,
				1B73736224DB33D200DBB7F2 /* RKSelector.h in Headers */,
				1B73738024DB33D200DBB7F2 /* RKClass.h in Headers */,
				1B7373A224DB33D200DBB7F2 /* RKPropertyAttribute.h in Headers */,
				1B73736A24DB33D200DBB7F2 /* RKProperty.h in Headers */,
				1B7373A624DB33D200DBB7F2 /* RKProtocol.h in Headers */,
				1B7373F124DB33D200DBB7F2 /* RKObject.h in Headers */,
				1B7373C624DB33D200DBB7F2 /* RKRuntime.h in Headers */,
				1B73735E24DB33D200DBB7F2 /* RKMethodTypeEncoding.h in Headers */,
				1B7373F524DB33D200DBB7F2 /* RKIvarLayout.h in Headers */,
				1B73737524DB33D200DBB7F2 /* RKImplementation.h in Headers */,
				1B73735A24DB33D200DBB7F2 /* RKTypeEncoding.h in Headers */,
				1B73739724DB33D200DBB7F2 /* RKType.h in Headers */,
				1B7373D824DB33D200DBB7F2 /* RKMethodDescription.h in Headers */,
				1BF29CC322BA2AD00046611D /* QPRuntimeKit.h in Headers */,
				1B73738424DB33D200DBB7F2 /* RKImage.h in Headers */,
				1B73735524DB33D200DBB7F2 /* RKEncode.def in Headers */,
			);
			runOnlyForDeploymentPostprocessing = 0;
		};
		1BF29CDA22BA2C230046611D /* Headers */ = {
			isa = PBXHeadersBuildPhase;
			buildActionMask = 2147483647;
			files = (
				1B73736724DB33D200DBB7F2 /* RKMethod.h in Headers */,
				1B73738D24DB33D200DBB7F2 /* RKIvar.h in Headers */,
				1B73738924DB33D200DBB7F2 /* RKEncode.h in Headers */,
				1B73736324DB33D200DBB7F2 /* RKSelector.h in Headers */,
				1B73738124DB33D200DBB7F2 /* RKClass.h in Headers */,
				1B7373A324DB33D200DBB7F2 /* RKPropertyAttribute.h in Headers */,
				1B73736B24DB33D200DBB7F2 /* RKProperty.h in Headers */,
				1B7373A724DB33D200DBB7F2 /* RKProtocol.h in Headers */,
				1B7373F224DB33D200DBB7F2 /* RKObject.h in Headers */,
				1B7373C724DB33D200DBB7F2 /* RKRuntime.h in Headers */,
				1B73735F24DB33D200DBB7F2 /* RKMethodTypeEncoding.h in Headers */,
				1B7373F624DB33D200DBB7F2 /* RKIvarLayout.h in Headers */,
				1B73737624DB33D200DBB7F2 /* RKImplementation.h in Headers */,
				1B73735B24DB33D200DBB7F2 /* RKTypeEncoding.h in Headers */,
				1B73739824DB33D200DBB7F2 /* RKType.h in Headers */,
				1B7373D924DB33D200DBB7F2 /* RKMethodDescription.h in Headers */,
				1BF29CDB22BA2C230046611D /* QPRuntimeKit.h in Headers */,
				1B73738524DB33D200DBB7F2 /* RKImage.h in Headers */,
				1B73735724DB33D200DBB7F2 /* RKEncode.def in Headers */,
			);
			runOnlyForDeploymentPostprocessing = 0;
		};
/* End PBXHeadersBuildPhase section */

/* Begin PBXNativeTarget section */
		1B188A2722BA131700561366 /* QPRuntimeKit-iOS */ = {
			isa = PBXNativeTarget;
			buildConfigurationList = 1B188A3C22BA131700561366 /* Build configuration list for PBXNativeTarget "QPRuntimeKit-iOS" */;
			buildPhases = (
				1B188A2322BA131700561366 /* Headers */,
				1B188A2422BA131700561366 /* Sources */,
				1B188A2522BA131700561366 /* Frameworks */,
				1B188A2622BA131700561366 /* Resources */,
			);
			buildRules = (
			);
			dependencies = (
			);
			name = "QPRuntimeKit-iOS";
			productName = QPRuntimeKit;
			productReference = 1B188A2822BA131700561366 /* QPRuntimeKit.framework */;
			productType = "com.apple.product-type.framework";
		};
		1B188A3022BA131700561366 /* QPRuntimeKitTests-iOS */ = {
			isa = PBXNativeTarget;
			buildConfigurationList = 1B188A3F22BA131700561366 /* Build configuration list for PBXNativeTarget "QPRuntimeKitTests-iOS" */;
			buildPhases = (
				1B188A2D22BA131700561366 /* Sources */,
				1B188A2E22BA131700561366 /* Frameworks */,
				1B188A2F22BA131700561366 /* Resources */,
			);
			buildRules = (
			);
			dependencies = (
				1BBD3A3F22BB60E700CD7BCD /* PBXTargetDependency */,
			);
			name = "QPRuntimeKitTests-iOS";
			productName = QPRuntimeKitTests;
			productReference = 1B188A3122BA131700561366 /* QPRuntimeKitTests.xctest */;
			productType = "com.apple.product-type.bundle.unit-test";
		};
		1BF29CA922BA24940046611D /* QPRuntimeKit-macOS */ = {
			isa = PBXNativeTarget;
			buildConfigurationList = 1BF29CAF22BA24940046611D /* Build configuration list for PBXNativeTarget "QPRuntimeKit-macOS" */;
			buildPhases = (
				1BF29CAA22BA24940046611D /* Headers */,
				1BF29CAC22BA24940046611D /* Sources */,
				1BF29CAD22BA24940046611D /* Frameworks */,
				1BF29CAE22BA24940046611D /* Resources */,
			);
			buildRules = (
			);
			dependencies = (
			);
			name = "QPRuntimeKit-macOS";
			productName = QPRuntimeKit;
			productReference = 1BF29CB222BA24940046611D /* QPRuntimeKit.framework */;
			productType = "com.apple.product-type.framework";
		};
		1BF29CB422BA27C80046611D /* QPRuntimeKitTests-macOS */ = {
			isa = PBXNativeTarget;
			buildConfigurationList = 1BF29CBC22BA27C80046611D /* Build configuration list for PBXNativeTarget "QPRuntimeKitTests-macOS" */;
			buildPhases = (
				1BF29CB722BA27C80046611D /* Sources */,
				1BF29CB922BA27C80046611D /* Frameworks */,
				1BF29CBB22BA27C80046611D /* Resources */,
			);
			buildRules = (
			);
			dependencies = (
				1BBD3A4122BB611100CD7BCD /* PBXTargetDependency */,
			);
			name = "QPRuntimeKitTests-macOS";
			productName = QPRuntimeKitTests;
			productReference = 1BF29CBF22BA27C80046611D /* QPRuntimeKitTests.xctest */;
			productType = "com.apple.product-type.bundle.unit-test";
		};
		1BF29CC122BA2AD00046611D /* QPRuntimeKit-tvOS */ = {
			isa = PBXNativeTarget;
			buildConfigurationList = 1BF29CC722BA2AD00046611D /* Build configuration list for PBXNativeTarget "QPRuntimeKit-tvOS" */;
			buildPhases = (
				1BF29CC222BA2AD00046611D /* Headers */,
				1BF29CC422BA2AD00046611D /* Sources */,
				1BF29CC522BA2AD00046611D /* Frameworks */,
				1BF29CC622BA2AD00046611D /* Resources */,
			);
			buildRules = (
			);
			dependencies = (
			);
			name = "QPRuntimeKit-tvOS";
			productName = QPRuntimeKit;
			productReference = 1BF29CCA22BA2AD00046611D /* QPRuntimeKit.framework */;
			productType = "com.apple.product-type.framework";
		};
		1BF29CCC22BA2B590046611D /* QPRuntimeKitTests-tvOS */ = {
			isa = PBXNativeTarget;
			buildConfigurationList = 1BF29CD422BA2B590046611D /* Build configuration list for PBXNativeTarget "QPRuntimeKitTests-tvOS" */;
			buildPhases = (
				1BF29CCF22BA2B590046611D /* Sources */,
				1BF29CD122BA2B590046611D /* Frameworks */,
				1BF29CD322BA2B590046611D /* Resources */,
			);
			buildRules = (
			);
			dependencies = (
				1BBD3A4322BB611A00CD7BCD /* PBXTargetDependency */,
			);
			name = "QPRuntimeKitTests-tvOS";
			productName = QPRuntimeKitTests;
			productReference = 1BF29CD722BA2B590046611D /* QPRuntimeKitTests.xctest */;
			productType = "com.apple.product-type.bundle.unit-test";
		};
		1BF29CD922BA2C230046611D /* QPRuntimeKit-watchOS */ = {
			isa = PBXNativeTarget;
			buildConfigurationList = 1BF29CDF22BA2C230046611D /* Build configuration list for PBXNativeTarget "QPRuntimeKit-watchOS" */;
			buildPhases = (
				1BF29CDA22BA2C230046611D /* Headers */,
				1BF29CDC22BA2C230046611D /* Sources */,
				1BF29CDD22BA2C230046611D /* Frameworks */,
				1BF29CDE22BA2C230046611D /* Resources */,
			);
			buildRules = (
			);
			dependencies = (
			);
			name = "QPRuntimeKit-watchOS";
			productName = QPRuntimeKit;
			productReference = 1BF29CE222BA2C230046611D /* QPRuntimeKit.framework */;
			productType = "com.apple.product-type.framework";
		};
/* End PBXNativeTarget section */

/* Begin PBXProject section */
		1B188A1F22BA131700561366 /* Project object */ = {
			isa = PBXProject;
			attributes = {
				CLASSPREFIX = QP;
				LastUpgradeCheck = 1020;
				ORGANIZATIONNAME = "Qiongpan Ke";
				TargetAttributes = {
					1B188A2722BA131700561366 = {
						CreatedOnToolsVersion = 10.2.1;
					};
					1B188A3022BA131700561366 = {
						CreatedOnToolsVersion = 10.2.1;
					};
				};
			};
			buildConfigurationList = 1B188A2222BA131700561366 /* Build configuration list for PBXProject "QPRuntimeKit" */;
			compatibilityVersion = "Xcode 9.3";
			developmentRegion = en;
			hasScannedForEncodings = 0;
			knownRegions = (
				en,
			);
			mainGroup = 1B188A1E22BA131700561366;
			productRefGroup = 1B188A2922BA131700561366 /* Products */;
			projectDirPath = "";
			projectRoot = "";
			targets = (
				1B188A2722BA131700561366 /* QPRuntimeKit-iOS */,
				1B188A3022BA131700561366 /* QPRuntimeKitTests-iOS */,
				1BF29CA922BA24940046611D /* QPRuntimeKit-macOS */,
				1BF29CB422BA27C80046611D /* QPRuntimeKitTests-macOS */,
				1BF29CC122BA2AD00046611D /* QPRuntimeKit-tvOS */,
				1BF29CCC22BA2B590046611D /* QPRuntimeKitTests-tvOS */,
				1BF29CD922BA2C230046611D /* QPRuntimeKit-watchOS */,
			);
		};
/* End PBXProject section */

/* Begin PBXResourcesBuildPhase section */
		1B188A2622BA131700561366 /* Resources */ = {
			isa = PBXResourcesBuildPhase;
			buildActionMask = 2147483647;
			files = (
			);
			runOnlyForDeploymentPostprocessing = 0;
		};
		1B188A2F22BA131700561366 /* Resources */ = {
			isa = PBXResourcesBuildPhase;
			buildActionMask = 2147483647;
			files = (
			);
			runOnlyForDeploymentPostprocessing = 0;
		};
		1BF29CAE22BA24940046611D /* Resources */ = {
			isa = PBXResourcesBuildPhase;
			buildActionMask = 2147483647;
			files = (
			);
			runOnlyForDeploymentPostprocessing = 0;
		};
		1BF29CBB22BA27C80046611D /* Resources */ = {
			isa = PBXResourcesBuildPhase;
			buildActionMask = 2147483647;
			files = (
			);
			runOnlyForDeploymentPostprocessing = 0;
		};
		1BF29CC622BA2AD00046611D /* Resources */ = {
			isa = PBXResourcesBuildPhase;
			buildActionMask = 2147483647;
			files = (
			);
			runOnlyForDeploymentPostprocessing = 0;
		};
		1BF29CD322BA2B590046611D /* Resources */ = {
			isa = PBXResourcesBuildPhase;
			buildActionMask = 2147483647;
			files = (
			);
			runOnlyForDeploymentPostprocessing = 0;
		};
		1BF29CDE22BA2C230046611D /* Resources */ = {
			isa = PBXResourcesBuildPhase;
			buildActionMask = 2147483647;
			files = (
			);
			runOnlyForDeploymentPostprocessing = 0;
		};
/* End PBXResourcesBuildPhase section */

/* Begin PBXSourcesBuildPhase section */
		1B188A2422BA131700561366 /* Sources */ = {
			isa = PBXSourcesBuildPhase;
			buildActionMask = 2147483647;
			files = (
				1B7373E824DB33D200DBB7F2 /* RKSelector.m in Sources */,
				1B7373F724DB33D200DBB7F2 /* RKTypeEncoding.m in Sources */,
				1B7373DA24DB33D200DBB7F2 /* RKRuntime.m in Sources */,
				1B73734324DB33D200DBB7F2 /* RKIvarLayout.m in Sources */,
				1B73738E24DB33D200DBB7F2 /* RKType.m in Sources */,
				1B7373C824DB33D200DBB7F2 /* RKEncode.m in Sources */,
				1B73736C24DB33D200DBB7F2 /* RKMethodTypeEncoding.m in Sources */,
				1B7373B624DB33D200DBB7F2 /* RKPropertyAttribute.m in Sources */,
				1B7373BD24DB33D200DBB7F2 /* RKProtocol.m in Sources */,
				1B7373E124DB33D200DBB7F2 /* RKProperty.m in Sources */,
				1B73737724DB33D200DBB7F2 /* RKMethodDescription.m in Sources */,
				1B73739924DB33D200DBB7F2 /* RKImplementation.m in Sources */,
				1B7373CF24DB33D200DBB7F2 /* RKImage.m in Sources */,
				1B7373A824DB33D200DBB7F2 /* RKIvar.m in Sources */,
				1B73734A24DB33D200DBB7F2 /* RKObject.m in Sources */,
				1B7373AF24DB33D200DBB7F2 /* RKClass.m in Sources */,
				1B7373FE24DB33D200DBB7F2 /* RKMethod.m in Sources */,
			);
			runOnlyForDeploymentPostprocessing = 0;
		};
		1B188A2D22BA131700561366 /* Sources */ = {
			isa = PBXSourcesBuildPhase;
			buildActionMask = 2147483647;
			files = (
				1B73739A24DB33D200DBB7F2 /* RKImplementation.m in Sources */,
				1B73737824DB33D200DBB7F2 /* RKMethodDescription.m in Sources */,
				1B7373A924DB33D200DBB7F2 /* RKIvar.m in Sources */,
				1B7373E224DB33D200DBB7F2 /* RKProperty.m in Sources */,
				1B7373DB24DB33D200DBB7F2 /* RKRuntime.m in Sources */,
				1B7373E924DB33D200DBB7F2 /* RKSelector.m in Sources */,
				1B73736D24DB33D200DBB7F2 /* RKMethodTypeEncoding.m in Sources */,
				1B7373F824DB33D200DBB7F2 /* RKTypeEncoding.m in Sources */,
				1B73734424DB33D200DBB7F2 /* RKIvarLayout.m in Sources */,
				1B188A3722BA131700561366 /* Tests.m in Sources */,
				1B73738F24DB33D200DBB7F2 /* RKType.m in Sources */,
				1B73734B24DB33D200DBB7F2 /* RKObject.m in Sources */,
				1B7373C924DB33D200DBB7F2 /* RKEncode.m in Sources */,
				1B7373FF24DB33D200DBB7F2 /* RKMethod.m in Sources */,
				1B7373B724DB33D200DBB7F2 /* RKPropertyAttribute.m in Sources */,
				1B7373D024DB33D200DBB7F2 /* RKImage.m in Sources */,
				1B7373BE24DB33D200DBB7F2 /* RKProtocol.m in Sources */,
				1B7373B024DB33D200DBB7F2 /* RKClass.m in Sources */,
			);
			runOnlyForDeploymentPostprocessing = 0;
		};
		1BF29CAC22BA24940046611D /* Sources */ = {
			isa = PBXSourcesBuildPhase;
			buildActionMask = 2147483647;
			files = (
				1B7373EA24DB33D200DBB7F2 /* RKSelector.m in Sources */,
				1B7373F924DB33D200DBB7F2 /* RKTypeEncoding.m in Sources */,
				1B7373DC24DB33D200DBB7F2 /* RKRuntime.m in Sources */,
				1B73734524DB33D200DBB7F2 /* RKIvarLayout.m in Sources */,
				1B73739024DB33D200DBB7F2 /* RKType.m in Sources */,
				1B7373CA24DB33D200DBB7F2 /* RKEncode.m in Sources */,
				1B73736E24DB33D200DBB7F2 /* RKMethodTypeEncoding.m in Sources */,
				1B7373B824DB33D200DBB7F2 /* RKPropertyAttribute.m in Sources */,
				1B7373BF24DB33D200DBB7F2 /* RKProtocol.m in Sources */,
				1B7373E324DB33D200DBB7F2 /* RKProperty.m in Sources */,
				1B73737924DB33D200DBB7F2 /* RKMethodDescription.m in Sources */,
				1B73739B24DB33D200DBB7F2 /* RKImplementation.m in Sources */,
				1B7373D124DB33D200DBB7F2 /* RKImage.m in Sources */,
				1B7373AA24DB33D200DBB7F2 /* RKIvar.m in Sources */,
				1B73734C24DB33D200DBB7F2 /* RKObject.m in Sources */,
				1B7373B124DB33D200DBB7F2 /* RKClass.m in Sources */,
				1B73740024DB33D200DBB7F2 /* RKMethod.m in Sources */,
			);
			runOnlyForDeploymentPostprocessing = 0;
		};
		1BF29CB722BA27C80046611D /* Sources */ = {
			isa = PBXSourcesBuildPhase;
			buildActionMask = 2147483647;
			files = (
				1B73739C24DB33D200DBB7F2 /* RKImplementation.m in Sources */,
				1B73737A24DB33D200DBB7F2 /* RKMethodDescription.m in Sources */,
				1B7373AB24DB33D200DBB7F2 /* RKIvar.m in Sources */,
				1B7373E424DB33D200DBB7F2 /* RKProperty.m in Sources */,
				1B7373DD24DB33D200DBB7F2 /* RKRuntime.m in Sources */,
				1B7373EB24DB33D200DBB7F2 /* RKSelector.m in Sources */,
				1B73736F24DB33D200DBB7F2 /* RKMethodTypeEncoding.m in Sources */,
				1B7373FA24DB33D200DBB7F2 /* RKTypeEncoding.m in Sources */,
				1B73734624DB33D200DBB7F2 /* RKIvarLayout.m in Sources */,
				1BF29CB822BA27C80046611D /* Tests.m in Sources */,
				1B73739124DB33D200DBB7F2 /* RKType.m in Sources */,
				1B73734D24DB33D200DBB7F2 /* RKObject.m in Sources */,
				1B7373CB24DB33D200DBB7F2 /* RKEncode.m in Sources */,
				1B73740124DB33D200DBB7F2 /* RKMethod.m in Sources */,
				1B7373B924DB33D200DBB7F2 /* RKPropertyAttribute.m in Sources */,
				1B7373D224DB33D200DBB7F2 /* RKImage.m in Sources */,
				1B7373C024DB33D200DBB7F2 /* RKProtocol.m in Sources */,
				1B7373B224DB33D200DBB7F2 /* RKClass.m in Sources */,
			);
			runOnlyForDeploymentPostprocessing = 0;
		};
		1BF29CC422BA2AD00046611D /* Sources */ = {
			isa = PBXSourcesBuildPhase;
			buildActionMask = 2147483647;
			files = (
				1B7373EC24DB33D200DBB7F2 /* RKSelector.m in Sources */,
				1B7373FB24DB33D200DBB7F2 /* RKTypeEncoding.m in Sources */,
				1B7373DE24DB33D200DBB7F2 /* RKRuntime.m in Sources */,
				1B73734724DB33D200DBB7F2 /* RKIvarLayout.m in Sources */,
				1B73739224DB33D200DBB7F2 /* RKType.m in Sources */,
				1B7373CC24DB33D200DBB7F2 /* RKEncode.m in Sources */,
				1B73737024DB33D200DBB7F2 /* RKMethodTypeEncoding.m in Sources */,
				1B7373BA24DB33D200DBB7F2 /* RKPropertyAttribute.m in Sources */,
				1B7373C124DB33D200DBB7F2 /* RKProtocol.m in Sources */,
				1B7373E524DB33D200DBB7F2 /* RKProperty.m in Sources */,
				1B73737B24DB33D200DBB7F2 /* RKMethodDescription.m in Sources */,
				1B73739D24DB33D200DBB7F2 /* RKImplementation.m in Sources */,
				1B7373D324DB33D200DBB7F2 /* RKImage.m in Sources */,
				1B7373AC24DB33D200DBB7F2 /* RKIvar.m in Sources */,
				1B73734E24DB33D200DBB7F2 /* RKObject.m in Sources */,
				1B7373B324DB33D200DBB7F2 /* RKClass.m in Sources */,
				1B73740224DB33D200DBB7F2 /* RKMethod.m in Sources */,
			);
			runOnlyForDeploymentPostprocessing = 0;
		};
		1BF29CCF22BA2B590046611D /* Sources */ = {
			isa = PBXSourcesBuildPhase;
			buildActionMask = 2147483647;
			files = (
				1B73739E24DB33D200DBB7F2 /* RKImplementation.m in Sources */,
				1B73737C24DB33D200DBB7F2 /* RKMethodDescription.m in Sources */,
				1B7373AD24DB33D200DBB7F2 /* RKIvar.m in Sources */,
				1B7373E624DB33D200DBB7F2 /* RKProperty.m in Sources */,
				1B7373DF24DB33D200DBB7F2 /* RKRuntime.m in Sources */,
				1B7373ED24DB33D200DBB7F2 /* RKSelector.m in Sources */,
				1B73737124DB33D200DBB7F2 /* RKMethodTypeEncoding.m in Sources */,
				1B7373FC24DB33D200DBB7F2 /* RKTypeEncoding.m in Sources */,
				1B73734824DB33D200DBB7F2 /* RKIvarLayout.m in Sources */,
				1BF29CD022BA2B590046611D /* Tests.m in Sources */,
				1B73739324DB33D200DBB7F2 /* RKType.m in Sources */,
				1B73734F24DB33D200DBB7F2 /* RKObject.m in Sources */,
				1B7373CD24DB33D200DBB7F2 /* RKEncode.m in Sources */,
				1B73740324DB33D200DBB7F2 /* RKMethod.m in Sources */,
				1B7373BB24DB33D200DBB7F2 /* RKPropertyAttribute.m in Sources */,
				1B7373D424DB33D200DBB7F2 /* RKImage.m in Sources */,
				1B7373C224DB33D200DBB7F2 /* RKProtocol.m in Sources */,
				1B7373B424DB33D200DBB7F2 /* RKClass.m in Sources */,
			);
			runOnlyForDeploymentPostprocessing = 0;
		};
		1BF29CDC22BA2C230046611D /* Sources */ = {
			isa = PBXSourcesBuildPhase;
			buildActionMask = 2147483647;
			files = (
				1B7373EE24DB33D200DBB7F2 /* RKSelector.m in Sources */,
				1B7373FD24DB33D200DBB7F2 /* RKTypeEncoding.m in Sources */,
				1B7373E024DB33D200DBB7F2 /* RKRuntime.m in Sources */,
				1B73734924DB33D200DBB7F2 /* RKIvarLayout.m in Sources */,
				1B73739424DB33D200DBB7F2 /* RKType.m in Sources */,
				1B7373CE24DB33D200DBB7F2 /* RKEncode.m in Sources */,
				1B73737224DB33D200DBB7F2 /* RKMethodTypeEncoding.m in Sources */,
				1B7373BC24DB33D200DBB7F2 /* RKPropertyAttribute.m in Sources */,
				1B7373C324DB33D200DBB7F2 /* RKProtocol.m in Sources */,
				1B7373E724DB33D200DBB7F2 /* RKProperty.m in Sources */,
				1B73737D24DB33D200DBB7F2 /* RKMethodDescription.m in Sources */,
				1B73739F24DB33D200DBB7F2 /* RKImplementation.m in Sources */,
				1B7373D524DB33D200DBB7F2 /* RKImage.m in Sources */,
				1B7373AE24DB33D200DBB7F2 /* RKIvar.m in Sources */,
				1B73735024DB33D200DBB7F2 /* RKObject.m in Sources */,
				1B7373B524DB33D200DBB7F2 /* RKClass.m in Sources */,
				1B73740424DB33D200DBB7F2 /* RKMethod.m in Sources */,
			);
			runOnlyForDeploymentPostprocessing = 0;
		};
/* End PBXSourcesBuildPhase section */

/* Begin PBXTargetDependency section */
		1BBD3A3F22BB60E700CD7BCD /* PBXTargetDependency */ = {
			isa = PBXTargetDependency;
			target = 1B188A2722BA131700561366 /* QPRuntimeKit-iOS */;
			targetProxy = 1BBD3A3E22BB60E700CD7BCD /* PBXContainerItemProxy */;
		};
		1BBD3A4122BB611100CD7BCD /* PBXTargetDependency */ = {
			isa = PBXTargetDependency;
			target = 1BF29CA922BA24940046611D /* QPRuntimeKit-macOS */;
			targetProxy = 1BBD3A4022BB611100CD7BCD /* PBXContainerItemProxy */;
		};
		1BBD3A4322BB611A00CD7BCD /* PBXTargetDependency */ = {
			isa = PBXTargetDependency;
			target = 1BF29CC122BA2AD00046611D /* QPRuntimeKit-tvOS */;
			targetProxy = 1BBD3A4222BB611A00CD7BCD /* PBXContainerItemProxy */;
		};
/* End PBXTargetDependency section */

/* Begin XCBuildConfiguration section */
		1B188A3A22BA131700561366 /* Debug */ = {
			isa = XCBuildConfiguration;
			buildSettings = {
				ALWAYS_SEARCH_USER_PATHS = NO;
				CLANG_ANALYZER_NONNULL = YES;
				CLANG_ANALYZER_NUMBER_OBJECT_CONVERSION = YES_AGGRESSIVE;
				CLANG_CXX_LANGUAGE_STANDARD = "gnu++14";
				CLANG_CXX_LIBRARY = "libc++";
				CLANG_ENABLE_MODULES = YES;
				CLANG_ENABLE_OBJC_ARC = YES;
				CLANG_WARN_BLOCK_CAPTURE_AUTORELEASING = YES;
				CLANG_WARN_BOOL_CONVERSION = YES;
				CLANG_WARN_COMMA = YES;
				CLANG_WARN_CONSTANT_CONVERSION = YES;
				CLANG_WARN_DEPRECATED_OBJC_IMPLEMENTATIONS = YES;
				CLANG_WARN_DIRECT_OBJC_ISA_USAGE = YES_ERROR;
				CLANG_WARN_DOCUMENTATION_COMMENTS = YES;
				CLANG_WARN_EMPTY_BODY = YES;
				CLANG_WARN_ENUM_CONVERSION = YES;
				CLANG_WARN_INFINITE_RECURSION = YES;
				CLANG_WARN_INT_CONVERSION = YES;
				CLANG_WARN_NON_LITERAL_NULL_CONVERSION = YES;
				CLANG_WARN_OBJC_IMPLICIT_RETAIN_SELF = YES;
				CLANG_WARN_OBJC_LITERAL_CONVERSION = YES;
				CLANG_WARN_OBJC_ROOT_CLASS = YES_ERROR;
				CLANG_WARN_RANGE_LOOP_ANALYSIS = YES;
				CLANG_WARN_STRICT_PROTOTYPES = YES;
				CLANG_WARN_SUSPICIOUS_MOVE = YES;
				CLANG_WARN_UNGUARDED_AVAILABILITY = YES_AGGRESSIVE;
				CLANG_WARN_UNREACHABLE_CODE = YES;
				CLANG_WARN__DUPLICATE_METHOD_MATCH = YES;
				CODE_SIGN_IDENTITY = "";
				COPY_PHASE_STRIP = NO;
				DEBUG_INFORMATION_FORMAT = dwarf;
				ENABLE_STRICT_OBJC_MSGSEND = YES;
				ENABLE_TESTABILITY = YES;
				GCC_C_LANGUAGE_STANDARD = gnu11;
				GCC_DYNAMIC_NO_PIC = NO;
				GCC_NO_COMMON_BLOCKS = YES;
				GCC_OPTIMIZATION_LEVEL = 0;
				GCC_PREPROCESSOR_DEFINITIONS = (
					"DEBUG=1",
					"$(inherited)",
				);
				GCC_WARN_64_TO_32_BIT_CONVERSION = YES;
				GCC_WARN_ABOUT_RETURN_TYPE = YES_ERROR;
				GCC_WARN_UNDECLARED_SELECTOR = YES;
				GCC_WARN_UNINITIALIZED_AUTOS = YES_AGGRESSIVE;
				GCC_WARN_UNUSED_FUNCTION = YES;
				GCC_WARN_UNUSED_VARIABLE = YES;
				IPHONEOS_DEPLOYMENT_TARGET = 8.0;
				MACOSX_DEPLOYMENT_TARGET = 10.6;
				MTL_ENABLE_DEBUG_INFO = INCLUDE_SOURCE;
				MTL_FAST_MATH = YES;
				ONLY_ACTIVE_ARCH = YES;
				TVOS_DEPLOYMENT_TARGET = 9.0;
				VERSIONING_SYSTEM = "apple-generic";
				VERSION_INFO_PREFIX = "";
				WATCHOS_DEPLOYMENT_TARGET = 2.0;
			};
			name = Debug;
		};
		1B188A3B22BA131700561366 /* Release */ = {
			isa = XCBuildConfiguration;
			buildSettings = {
				ALWAYS_SEARCH_USER_PATHS = NO;
				CLANG_ANALYZER_NONNULL = YES;
				CLANG_ANALYZER_NUMBER_OBJECT_CONVERSION = YES_AGGRESSIVE;
				CLANG_CXX_LANGUAGE_STANDARD = "gnu++14";
				CLANG_CXX_LIBRARY = "libc++";
				CLANG_ENABLE_MODULES = YES;
				CLANG_ENABLE_OBJC_ARC = YES;
				CLANG_WARN_BLOCK_CAPTURE_AUTORELEASING = YES;
				CLANG_WARN_BOOL_CONVERSION = YES;
				CLANG_WARN_COMMA = YES;
				CLANG_WARN_CONSTANT_CONVERSION = YES;
				CLANG_WARN_DEPRECATED_OBJC_IMPLEMENTATIONS = YES;
				CLANG_WARN_DIRECT_OBJC_ISA_USAGE = YES_ERROR;
				CLANG_WARN_DOCUMENTATION_COMMENTS = YES;
				CLANG_WARN_EMPTY_BODY = YES;
				CLANG_WARN_ENUM_CONVERSION = YES;
				CLANG_WARN_INFINITE_RECURSION = YES;
				CLANG_WARN_INT_CONVERSION = YES;
				CLANG_WARN_NON_LITERAL_NULL_CONVERSION = YES;
				CLANG_WARN_OBJC_IMPLICIT_RETAIN_SELF = YES;
				CLANG_WARN_OBJC_LITERAL_CONVERSION = YES;
				CLANG_WARN_OBJC_ROOT_CLASS = YES_ERROR;
				CLANG_WARN_RANGE_LOOP_ANALYSIS = YES;
				CLANG_WARN_STRICT_PROTOTYPES = YES;
				CLANG_WARN_SUSPICIOUS_MOVE = YES;
				CLANG_WARN_UNGUARDED_AVAILABILITY = YES_AGGRESSIVE;
				CLANG_WARN_UNREACHABLE_CODE = YES;
				CLANG_WARN__DUPLICATE_METHOD_MATCH = YES;
				CODE_SIGN_IDENTITY = "";
				COPY_PHASE_STRIP = NO;
				DEBUG_INFORMATION_FORMAT = "dwarf-with-dsym";
				ENABLE_NS_ASSERTIONS = NO;
				ENABLE_STRICT_OBJC_MSGSEND = YES;
				GCC_C_LANGUAGE_STANDARD = gnu11;
				GCC_NO_COMMON_BLOCKS = YES;
				GCC_WARN_64_TO_32_BIT_CONVERSION = YES;
				GCC_WARN_ABOUT_RETURN_TYPE = YES_ERROR;
				GCC_WARN_UNDECLARED_SELECTOR = YES;
				GCC_WARN_UNINITIALIZED_AUTOS = YES_AGGRESSIVE;
				GCC_WARN_UNUSED_FUNCTION = YES;
				GCC_WARN_UNUSED_VARIABLE = YES;
				IPHONEOS_DEPLOYMENT_TARGET = 8.0;
				MACOSX_DEPLOYMENT_TARGET = 10.6;
				MTL_ENABLE_DEBUG_INFO = NO;
				MTL_FAST_MATH = YES;
				TVOS_DEPLOYMENT_TARGET = 9.0;
				VALIDATE_PRODUCT = YES;
				VERSIONING_SYSTEM = "apple-generic";
				VERSION_INFO_PREFIX = "";
				WATCHOS_DEPLOYMENT_TARGET = 2.0;
			};
			name = Release;
		};
		1B188A3D22BA131700561366 /* Debug */ = {
			isa = XCBuildConfiguration;
			buildSettings = {
				CODE_SIGN_STYLE = Automatic;
				DEFINES_MODULE = YES;
				DYLIB_COMPATIBILITY_VERSION = 1;
				DYLIB_CURRENT_VERSION = 1;
				DYLIB_INSTALL_NAME_BASE = "@rpath";
				INFOPLIST_FILE = QPRuntimeKit/Info.plist;
				INSTALL_PATH = "$(LOCAL_LIBRARY_DIR)/Frameworks";
				LD_RUNPATH_SEARCH_PATHS = (
					"$(inherited)",
					"@executable_path/Frameworks",
					"@loader_path/Frameworks",
				);
				PRODUCT_BUNDLE_IDENTIFIER = "io.github.keqiongpan.${PRODUCT_NAME:rfc1034identifier}";
				PRODUCT_NAME = QPRuntimeKit;
				SDKROOT = iphoneos;
				SKIP_INSTALL = YES;
				TARGETED_DEVICE_FAMILY = "1,2";
			};
			name = Debug;
		};
		1B188A3E22BA131700561366 /* Release */ = {
			isa = XCBuildConfiguration;
			buildSettings = {
				CODE_SIGN_STYLE = Automatic;
				DEFINES_MODULE = YES;
				DYLIB_COMPATIBILITY_VERSION = 1;
				DYLIB_CURRENT_VERSION = 1;
				DYLIB_INSTALL_NAME_BASE = "@rpath";
				INFOPLIST_FILE = QPRuntimeKit/Info.plist;
				INSTALL_PATH = "$(LOCAL_LIBRARY_DIR)/Frameworks";
				LD_RUNPATH_SEARCH_PATHS = (
					"$(inherited)",
					"@executable_path/Frameworks",
					"@loader_path/Frameworks",
				);
				PRODUCT_BUNDLE_IDENTIFIER = "io.github.keqiongpan.${PRODUCT_NAME:rfc1034identifier}";
				PRODUCT_NAME = QPRuntimeKit;
				SDKROOT = iphoneos;
				SKIP_INSTALL = YES;
				TARGETED_DEVICE_FAMILY = "1,2";
			};
			name = Release;
		};
		1B188A4022BA131700561366 /* Debug */ = {
			isa = XCBuildConfiguration;
			buildSettings = {
				CODE_SIGN_STYLE = Automatic;
				GCC_PRECOMPILE_PREFIX_HEADER = YES;
				GCC_PREFIX_HEADER = QPRuntimeKitTests/Prefix.pch;
				INFOPLIST_FILE = QPRuntimeKitTests/Info.plist;
				LD_RUNPATH_SEARCH_PATHS = (
					"$(inherited)",
					"@executable_path/Frameworks",
					"@loader_path/Frameworks",
				);
				PRODUCT_BUNDLE_IDENTIFIER = "io.github.keqiongpan.${PRODUCT_NAME:rfc1034identifier}";
				PRODUCT_NAME = QPRuntimeKitTests;
				SDKROOT = iphoneos;
				TARGETED_DEVICE_FAMILY = "1,2";
			};
			name = Debug;
		};
		1B188A4122BA131700561366 /* Release */ = {
			isa = XCBuildConfiguration;
			buildSettings = {
				CODE_SIGN_STYLE = Automatic;
				GCC_PRECOMPILE_PREFIX_HEADER = YES;
				GCC_PREFIX_HEADER = QPRuntimeKitTests/Prefix.pch;
				INFOPLIST_FILE = QPRuntimeKitTests/Info.plist;
				LD_RUNPATH_SEARCH_PATHS = (
					"$(inherited)",
					"@executable_path/Frameworks",
					"@loader_path/Frameworks",
				);
				PRODUCT_BUNDLE_IDENTIFIER = "io.github.keqiongpan.${PRODUCT_NAME:rfc1034identifier}";
				PRODUCT_NAME = QPRuntimeKitTests;
				SDKROOT = iphoneos;
				TARGETED_DEVICE_FAMILY = "1,2";
			};
			name = Release;
		};
		1BF29CB022BA24940046611D /* Debug */ = {
			isa = XCBuildConfiguration;
			buildSettings = {
				CODE_SIGN_STYLE = Automatic;
				COMBINE_HIDPI_IMAGES = YES;
				DEFINES_MODULE = YES;
				DYLIB_COMPATIBILITY_VERSION = 1;
				DYLIB_CURRENT_VERSION = 1;
				DYLIB_INSTALL_NAME_BASE = "@rpath";
				INFOPLIST_FILE = QPRuntimeKit/Info.plist;
				INSTALL_PATH = "$(LOCAL_LIBRARY_DIR)/Frameworks";
				LD_RUNPATH_SEARCH_PATHS = (
					"$(inherited)",
					"@executable_path/Frameworks",
					"@loader_path/Frameworks",
				);
				PRODUCT_BUNDLE_IDENTIFIER = "io.github.keqiongpan.${PRODUCT_NAME:rfc1034identifier}";
				PRODUCT_NAME = QPRuntimeKit;
				SDKROOT = macosx;
				SKIP_INSTALL = YES;
			};
			name = Debug;
		};
		1BF29CB122BA24940046611D /* Release */ = {
			isa = XCBuildConfiguration;
			buildSettings = {
				CODE_SIGN_STYLE = Automatic;
				COMBINE_HIDPI_IMAGES = YES;
				DEFINES_MODULE = YES;
				DYLIB_COMPATIBILITY_VERSION = 1;
				DYLIB_CURRENT_VERSION = 1;
				DYLIB_INSTALL_NAME_BASE = "@rpath";
				INFOPLIST_FILE = QPRuntimeKit/Info.plist;
				INSTALL_PATH = "$(LOCAL_LIBRARY_DIR)/Frameworks";
				LD_RUNPATH_SEARCH_PATHS = (
					"$(inherited)",
					"@executable_path/Frameworks",
					"@loader_path/Frameworks",
				);
				PRODUCT_BUNDLE_IDENTIFIER = "io.github.keqiongpan.${PRODUCT_NAME:rfc1034identifier}";
				PRODUCT_NAME = QPRuntimeKit;
				SDKROOT = macosx;
				SKIP_INSTALL = YES;
			};
			name = Release;
		};
		1BF29CBD22BA27C80046611D /* Debug */ = {
			isa = XCBuildConfiguration;
			buildSettings = {
				CODE_SIGN_STYLE = Automatic;
				GCC_PRECOMPILE_PREFIX_HEADER = YES;
				GCC_PREFIX_HEADER = QPRuntimeKitTests/Prefix.pch;
				INFOPLIST_FILE = QPRuntimeKitTests/Info.plist;
				LD_RUNPATH_SEARCH_PATHS = (
					"$(inherited)",
					"@executable_path/Frameworks",
					"@loader_path/Frameworks",
				);
				PRODUCT_BUNDLE_IDENTIFIER = "io.github.keqiongpan.${PRODUCT_NAME:rfc1034identifier}";
				PRODUCT_NAME = QPRuntimeKitTests;
				SDKROOT = macosx;
			};
			name = Debug;
		};
		1BF29CBE22BA27C80046611D /* Release */ = {
			isa = XCBuildConfiguration;
			buildSettings = {
				CODE_SIGN_STYLE = Automatic;
				GCC_PRECOMPILE_PREFIX_HEADER = YES;
				GCC_PREFIX_HEADER = QPRuntimeKitTests/Prefix.pch;
				INFOPLIST_FILE = QPRuntimeKitTests/Info.plist;
				LD_RUNPATH_SEARCH_PATHS = (
					"$(inherited)",
					"@executable_path/Frameworks",
					"@loader_path/Frameworks",
				);
				PRODUCT_BUNDLE_IDENTIFIER = "io.github.keqiongpan.${PRODUCT_NAME:rfc1034identifier}";
				PRODUCT_NAME = QPRuntimeKitTests;
				SDKROOT = macosx;
			};
			name = Release;
		};
		1BF29CC822BA2AD00046611D /* Debug */ = {
			isa = XCBuildConfiguration;
			buildSettings = {
				CODE_SIGN_STYLE = Automatic;
				DEFINES_MODULE = YES;
				DYLIB_COMPATIBILITY_VERSION = 1;
				DYLIB_CURRENT_VERSION = 1;
				DYLIB_INSTALL_NAME_BASE = "@rpath";
				INFOPLIST_FILE = QPRuntimeKit/Info.plist;
				INSTALL_PATH = "$(LOCAL_LIBRARY_DIR)/Frameworks";
				LD_RUNPATH_SEARCH_PATHS = (
					"$(inherited)",
					"@executable_path/Frameworks",
					"@loader_path/Frameworks",
				);
				PRODUCT_BUNDLE_IDENTIFIER = "io.github.keqiongpan.${PRODUCT_NAME:rfc1034identifier}";
				PRODUCT_NAME = QPRuntimeKit;
				SDKROOT = appletvos;
				SKIP_INSTALL = YES;
			};
			name = Debug;
		};
		1BF29CC922BA2AD00046611D /* Release */ = {
			isa = XCBuildConfiguration;
			buildSettings = {
				CODE_SIGN_STYLE = Automatic;
				DEFINES_MODULE = YES;
				DYLIB_COMPATIBILITY_VERSION = 1;
				DYLIB_CURRENT_VERSION = 1;
				DYLIB_INSTALL_NAME_BASE = "@rpath";
				INFOPLIST_FILE = QPRuntimeKit/Info.plist;
				INSTALL_PATH = "$(LOCAL_LIBRARY_DIR)/Frameworks";
				LD_RUNPATH_SEARCH_PATHS = (
					"$(inherited)",
					"@executable_path/Frameworks",
					"@loader_path/Frameworks",
				);
				PRODUCT_BUNDLE_IDENTIFIER = "io.github.keqiongpan.${PRODUCT_NAME:rfc1034identifier}";
				PRODUCT_NAME = QPRuntimeKit;
				SDKROOT = appletvos;
				SKIP_INSTALL = YES;
			};
			name = Release;
		};
		1BF29CD522BA2B590046611D /* Debug */ = {
			isa = XCBuildConfiguration;
			buildSettings = {
				CODE_SIGN_STYLE = Automatic;
				GCC_PRECOMPILE_PREFIX_HEADER = YES;
				GCC_PREFIX_HEADER = QPRuntimeKitTests/Prefix.pch;
				INFOPLIST_FILE = QPRuntimeKitTests/Info.plist;
				LD_RUNPATH_SEARCH_PATHS = (
					"$(inherited)",
					"@executable_path/Frameworks",
					"@loader_path/Frameworks",
				);
				PRODUCT_BUNDLE_IDENTIFIER = "io.github.keqiongpan.${PRODUCT_NAME:rfc1034identifier}";
				PRODUCT_NAME = QPRuntimeKitTests;
				SDKROOT = appletvos;
			};
			name = Debug;
		};
		1BF29CD622BA2B590046611D /* Release */ = {
			isa = XCBuildConfiguration;
			buildSettings = {
				CODE_SIGN_STYLE = Automatic;
				GCC_PRECOMPILE_PREFIX_HEADER = YES;
				GCC_PREFIX_HEADER = QPRuntimeKitTests/Prefix.pch;
				INFOPLIST_FILE = QPRuntimeKitTests/Info.plist;
				LD_RUNPATH_SEARCH_PATHS = (
					"$(inherited)",
					"@executable_path/Frameworks",
					"@loader_path/Frameworks",
				);
				PRODUCT_BUNDLE_IDENTIFIER = "io.github.keqiongpan.${PRODUCT_NAME:rfc1034identifier}";
				PRODUCT_NAME = QPRuntimeKitTests;
				SDKROOT = appletvos;
			};
			name = Release;
		};
		1BF29CE022BA2C230046611D /* Debug */ = {
			isa = XCBuildConfiguration;
			buildSettings = {
				CODE_SIGN_STYLE = Automatic;
				DEFINES_MODULE = YES;
				DYLIB_COMPATIBILITY_VERSION = 1;
				DYLIB_CURRENT_VERSION = 1;
				DYLIB_INSTALL_NAME_BASE = "@rpath";
				INFOPLIST_FILE = QPRuntimeKit/Info.plist;
				INSTALL_PATH = "$(LOCAL_LIBRARY_DIR)/Frameworks";
				LD_RUNPATH_SEARCH_PATHS = (
					"$(inherited)",
					"@executable_path/Frameworks",
					"@loader_path/Frameworks",
				);
				PRODUCT_BUNDLE_IDENTIFIER = "io.github.keqiongpan.${PRODUCT_NAME:rfc1034identifier}";
				PRODUCT_NAME = QPRuntimeKit;
				SDKROOT = watchos;
				SKIP_INSTALL = YES;
			};
			name = Debug;
		};
		1BF29CE122BA2C230046611D /* Release */ = {
			isa = XCBuildConfiguration;
			buildSettings = {
				CODE_SIGN_STYLE = Automatic;
				DEFINES_MODULE = YES;
				DYLIB_COMPATIBILITY_VERSION = 1;
				DYLIB_CURRENT_VERSION = 1;
				DYLIB_INSTALL_NAME_BASE = "@rpath";
				INFOPLIST_FILE = QPRuntimeKit/Info.plist;
				INSTALL_PATH = "$(LOCAL_LIBRARY_DIR)/Frameworks";
				LD_RUNPATH_SEARCH_PATHS = (
					"$(inherited)",
					"@executable_path/Frameworks",
					"@loader_path/Frameworks",
				);
				PRODUCT_BUNDLE_IDENTIFIER = "io.github.keqiongpan.${PRODUCT_NAME:rfc1034identifier}";
				PRODUCT_NAME = QPRuntimeKit;
				SDKROOT = watchos;
				SKIP_INSTALL = YES;
			};
			name = Release;
		};
/* End XCBuildConfiguration section */

/* Begin XCConfigurationList section */
		1B188A2222BA131700561366 /* Build configuration list for PBXProject "QPRuntimeKit" */ = {
			isa = XCConfigurationList;
			buildConfigurations = (
				1B188A3A22BA131700561366 /* Debug */,
				1B188A3B22BA131700561366 /* Release */,
			);
			defaultConfigurationIsVisible = 0;
			defaultConfigurationName = Release;
		};
		1B188A3C22BA131700561366 /* Build configuration list for PBXNativeTarget "QPRuntimeKit-iOS" */ = {
			isa = XCConfigurationList;
			buildConfigurations = (
				1B188A3D22BA131700561366 /* Debug */,
				1B188A3E22BA131700561366 /* Release */,
			);
			defaultConfigurationIsVisible = 0;
			defaultConfigurationName = Release;
		};
		1B188A3F22BA131700561366 /* Build configuration list for PBXNativeTarget "QPRuntimeKitTests-iOS" */ = {
			isa = XCConfigurationList;
			buildConfigurations = (
				1B188A4022BA131700561366 /* Debug */,
				1B188A4122BA131700561366 /* Release */,
			);
			defaultConfigurationIsVisible = 0;
			defaultConfigurationName = Release;
		};
		1BF29CAF22BA24940046611D /* Build configuration list for PBXNativeTarget "QPRuntimeKit-macOS" */ = {
			isa = XCConfigurationList;
			buildConfigurations = (
				1BF29CB022BA24940046611D /* Debug */,
				1BF29CB122BA24940046611D /* Release */,
			);
			defaultConfigurationIsVisible = 0;
			defaultConfigurationName = Release;
		};
		1BF29CBC22BA27C80046611D /* Build configuration list for PBXNativeTarget "QPRuntimeKitTests-macOS" */ = {
			isa = XCConfigurationList;
			buildConfigurations = (
				1BF29CBD22BA27C80046611D /* Debug */,
				1BF29CBE22BA27C80046611D /* Release */,
			);
			defaultConfigurationIsVisible = 0;
			defaultConfigurationName = Release;
		};
		1BF29CC722BA2AD00046611D /* Build configuration list for PBXNativeTarget "QPRuntimeKit-tvOS" */ = {
			isa = XCConfigurationList;
			buildConfigurations = (
				1BF29CC822BA2AD00046611D /* Debug */,
				1BF29CC922BA2AD00046611D /* Release */,
			);
			defaultConfigurationIsVisible = 0;
			defaultConfigurationName = Release;
		};
		1BF29CD422BA2B590046611D /* Build configuration list for PBXNativeTarget "QPRuntimeKitTests-tvOS" */ = {
			isa = XCConfigurationList;
			buildConfigurations = (
				1BF29CD522BA2B590046611D /* Debug */,
				1BF29CD622BA2B590046611D /* Release */,
			);
			defaultConfigurationIsVisible = 0;
			defaultConfigurationName = Release;
		};
		1BF29CDF22BA2C230046611D /* Build configuration list for PBXNativeTarget "QPRuntimeKit-watchOS" */ = {
			isa = XCConfigurationList;
			buildConfigurations = (
				1BF29CE022BA2C230046611D /* Debug */,
				1BF29CE122BA2C230046611D /* Release */,
			);
			defaultConfigurationIsVisible = 0;
			defaultConfigurationName = Release;
		};
/* End XCConfigurationList section */
	};
	rootObject = 1B188A1F22BA131700561366 /* Project object */;
}
